// !$*UTF8*$!
{
	archiveVersion = 1;
	classes = {
	};
	objectVersion = 46;
	objects = {

/* Begin PBXBuildFile section */
		BC50E0B41C8182670043184D /* Currency.swift in Sources */ = {isa = PBXBuildFile; fileRef = BC50E0B31C8182670043184D /* Currency.swift */; };
		BC6917DA1C7EA436007F8431 /* CalculatorButton.swift in Sources */ = {isa = PBXBuildFile; fileRef = BC6917D91C7EA436007F8431 /* CalculatorButton.swift */; };
		BC6917DC1C7EA4D5007F8431 /* CalculatorActionButton.swift in Sources */ = {isa = PBXBuildFile; fileRef = BC6917DB1C7EA4D5007F8431 /* CalculatorActionButton.swift */; };
		BCD920081C6BA6AC0089F52A /* AppDelegate.swift in Sources */ = {isa = PBXBuildFile; fileRef = BCD920071C6BA6AC0089F52A /* AppDelegate.swift */; };
		BCD9200A1C6BA6AC0089F52A /* ViewController.swift in Sources */ = {isa = PBXBuildFile; fileRef = BCD920091C6BA6AC0089F52A /* ViewController.swift */; };
		BCD9200D1C6BA6AC0089F52A /* Main.storyboard in Resources */ = {isa = PBXBuildFile; fileRef = BCD9200B1C6BA6AC0089F52A /* Main.storyboard */; };
		BCD920101C6BA6AC0089F52A /* Currency.xcdatamodeld in Sources */ = {isa = PBXBuildFile; fileRef = BCD9200E1C6BA6AC0089F52A /* Currency.xcdatamodeld */; };
		BCD920121C6BA6AC0089F52A /* Assets.xcassets in Resources */ = {isa = PBXBuildFile; fileRef = BCD920111C6BA6AC0089F52A /* Assets.xcassets */; };
		BCD920151C6BA6AC0089F52A /* LaunchScreen.storyboard in Resources */ = {isa = PBXBuildFile; fileRef = BCD920131C6BA6AC0089F52A /* LaunchScreen.storyboard */; };
		BCD920201C6BA6AC0089F52A /* CurrencyTests.swift in Sources */ = {isa = PBXBuildFile; fileRef = BCD9201F1C6BA6AC0089F52A /* CurrencyTests.swift */; };
		BCD9202B1C6BA6AC0089F52A /* CurrencyUITests.swift in Sources */ = {isa = PBXBuildFile; fileRef = BCD9202A1C6BA6AC0089F52A /* CurrencyUITests.swift */; };
		BCD9CD031C8076B70061AEF1 /* button_action_bg_1.png in Resources */ = {isa = PBXBuildFile; fileRef = BCD9CCEB1C8076B70061AEF1 /* button_action_bg_1.png */; };
		BCD9CD041C8076B70061AEF1 /* button_action_bg_1@2x.png in Resources */ = {isa = PBXBuildFile; fileRef = BCD9CCEC1C8076B70061AEF1 /* button_action_bg_1@2x.png */; };
		BCD9CD051C8076B70061AEF1 /* button_action_bg_1@3x.png in Resources */ = {isa = PBXBuildFile; fileRef = BCD9CCED1C8076B70061AEF1 /* button_action_bg_1@3x.png */; };
		BCD9CD061C8076B70061AEF1 /* button_action_bg_2.png in Resources */ = {isa = PBXBuildFile; fileRef = BCD9CCEE1C8076B70061AEF1 /* button_action_bg_2.png */; };
		BCD9CD071C8076B70061AEF1 /* button_action_bg_2@2x.png in Resources */ = {isa = PBXBuildFile; fileRef = BCD9CCEF1C8076B70061AEF1 /* button_action_bg_2@2x.png */; };
		BCD9CD081C8076B70061AEF1 /* button_action_bg_2@3x.png in Resources */ = {isa = PBXBuildFile; fileRef = BCD9CCF01C8076B70061AEF1 /* button_action_bg_2@3x.png */; };
		BCD9CD091C8076B70061AEF1 /* button_action_bg_3.png in Resources */ = {isa = PBXBuildFile; fileRef = BCD9CCF11C8076B70061AEF1 /* button_action_bg_3.png */; };
		BCD9CD0A1C8076B70061AEF1 /* button_action_bg_3@2x.png in Resources */ = {isa = PBXBuildFile; fileRef = BCD9CCF21C8076B70061AEF1 /* button_action_bg_3@2x.png */; };
		BCD9CD0B1C8076B70061AEF1 /* button_action_bg_3@3x.png in Resources */ = {isa = PBXBuildFile; fileRef = BCD9CCF31C8076B70061AEF1 /* button_action_bg_3@3x.png */; };
		BCD9CD0C1C8076B70061AEF1 /* button_action_bg_4.png in Resources */ = {isa = PBXBuildFile; fileRef = BCD9CCF41C8076B70061AEF1 /* button_action_bg_4.png */; };
		BCD9CD0D1C8076B70061AEF1 /* button_action_bg_4@2x.png in Resources */ = {isa = PBXBuildFile; fileRef = BCD9CCF51C8076B70061AEF1 /* button_action_bg_4@2x.png */; };
		BCD9CD0E1C8076B70061AEF1 /* button_action_bg_4@3x.png in Resources */ = {isa = PBXBuildFile; fileRef = BCD9CCF61C8076B70061AEF1 /* button_action_bg_4@3x.png */; };
		BCD9CD0F1C8076B70061AEF1 /* button_bg_1.png in Resources */ = {isa = PBXBuildFile; fileRef = BCD9CCF71C8076B70061AEF1 /* button_bg_1.png */; };
		BCD9CD101C8076B70061AEF1 /* button_bg_1@2x.png in Resources */ = {isa = PBXBuildFile; fileRef = BCD9CCF81C8076B70061AEF1 /* button_bg_1@2x.png */; };
		BCD9CD111C8076B70061AEF1 /* button_bg_1@3x.png in Resources */ = {isa = PBXBuildFile; fileRef = BCD9CCF91C8076B70061AEF1 /* button_bg_1@3x.png */; };
		BCD9CD121C8076B70061AEF1 /* button_bg_2.png in Resources */ = {isa = PBXBuildFile; fileRef = BCD9CCFA1C8076B70061AEF1 /* button_bg_2.png */; };
		BCD9CD131C8076B70061AEF1 /* button_bg_2@2x.png in Resources */ = {isa = PBXBuildFile; fileRef = BCD9CCFB1C8076B70061AEF1 /* button_bg_2@2x.png */; };
		BCD9CD141C8076B70061AEF1 /* button_bg_2@3x.png in Resources */ = {isa = PBXBuildFile; fileRef = BCD9CCFC1C8076B70061AEF1 /* button_bg_2@3x.png */; };
		BCD9CD151C8076B70061AEF1 /* button_bg_3.png in Resources */ = {isa = PBXBuildFile; fileRef = BCD9CCFD1C8076B70061AEF1 /* button_bg_3.png */; };
		BCD9CD161C8076B70061AEF1 /* button_bg_3@2x.png in Resources */ = {isa = PBXBuildFile; fileRef = BCD9CCFE1C8076B70061AEF1 /* button_bg_3@2x.png */; };
		BCD9CD171C8076B70061AEF1 /* button_bg_3@3x.png in Resources */ = {isa = PBXBuildFile; fileRef = BCD9CCFF1C8076B70061AEF1 /* button_bg_3@3x.png */; };
		BCD9CD181C8076B70061AEF1 /* button_bg_4.png in Resources */ = {isa = PBXBuildFile; fileRef = BCD9CD001C8076B70061AEF1 /* button_bg_4.png */; };
		BCD9CD191C8076B70061AEF1 /* button_bg_4@2x.png in Resources */ = {isa = PBXBuildFile; fileRef = BCD9CD011C8076B70061AEF1 /* button_bg_4@2x.png */; };
		BCD9CD1A1C8076B70061AEF1 /* button_bg_4@3x.png in Resources */ = {isa = PBXBuildFile; fileRef = BCD9CD021C8076B70061AEF1 /* button_bg_4@3x.png */; };
		BCD9CD1E1C8077990061AEF1 /* button_clear_bg.png in Resources */ = {isa = PBXBuildFile; fileRef = BCD9CD1B1C8077990061AEF1 /* button_clear_bg.png */; };
		BCD9CD1F1C8077990061AEF1 /* button_clear_bg@2x.png in Resources */ = {isa = PBXBuildFile; fileRef = BCD9CD1C1C8077990061AEF1 /* button_clear_bg@2x.png */; };
		BCD9CD201C8077990061AEF1 /* button_clear_bg@3x.png in Resources */ = {isa = PBXBuildFile; fileRef = BCD9CD1D1C8077990061AEF1 /* button_clear_bg@3x.png */; };
		BCDED2631C8095180059E770 /* CurrencyConverter.swift in Sources */ = {isa = PBXBuildFile; fileRef = BCDED2621C8095180059E770 /* CurrencyConverter.swift */; };
		BCDED2661C8180660059E770 /* Realm.framework in Frameworks */ = {isa = PBXBuildFile; fileRef = BCDED2641C8180660059E770 /* Realm.framework */; };
		BCDED2671C8180660059E770 /* Realm.framework in Embed Frameworks */ = {isa = PBXBuildFile; fileRef = BCDED2641C8180660059E770 /* Realm.framework */; settings = {ATTRIBUTES = (CodeSignOnCopy, RemoveHeadersOnCopy, ); }; };
		BCDED2681C8180660059E770 /* RealmSwift.framework in Frameworks */ = {isa = PBXBuildFile; fileRef = BCDED2651C8180660059E770 /* RealmSwift.framework */; };
		BCDED2691C8180660059E770 /* RealmSwift.framework in Embed Frameworks */ = {isa = PBXBuildFile; fileRef = BCDED2651C8180660059E770 /* RealmSwift.framework */; settings = {ATTRIBUTES = (CodeSignOnCopy, RemoveHeadersOnCopy, ); }; };
		BCE0A65B1C81A35A0093AC38 /* default.realm in Resources */ = {isa = PBXBuildFile; fileRef = BCE0A65A1C81A3500093AC38 /* default.realm */; };
		BCEC05F21C6CDD2600E992AE /* icon_switch.png in Resources */ = {isa = PBXBuildFile; fileRef = BCEC05EF1C6CDD2600E992AE /* icon_switch.png */; };
		BCEC05F31C6CDD2600E992AE /* icon_switch@2x.png in Resources */ = {isa = PBXBuildFile; fileRef = BCEC05F01C6CDD2600E992AE /* icon_switch@2x.png */; };
		BCEC05F41C6CDD2600E992AE /* icon_switch@3x.png in Resources */ = {isa = PBXBuildFile; fileRef = BCEC05F11C6CDD2600E992AE /* icon_switch@3x.png */; };
/* End PBXBuildFile section */

/* Begin PBXContainerItemProxy section */
		BCD9201C1C6BA6AC0089F52A /* PBXContainerItemProxy */ = {
			isa = PBXContainerItemProxy;
			containerPortal = BCD91FFC1C6BA6AC0089F52A /* Project object */;
			proxyType = 1;
			remoteGlobalIDString = BCD920031C6BA6AC0089F52A;
			remoteInfo = Currency;
		};
		BCD920271C6BA6AC0089F52A /* PBXContainerItemProxy */ = {
			isa = PBXContainerItemProxy;
			containerPortal = BCD91FFC1C6BA6AC0089F52A /* Project object */;
			proxyType = 1;
			remoteGlobalIDString = BCD920031C6BA6AC0089F52A;
			remoteInfo = Currency;
		};
/* End PBXContainerItemProxy section */

/* Begin PBXCopyFilesBuildPhase section */
		BCDED26A1C8180660059E770 /* Embed Frameworks */ = {
			isa = PBXCopyFilesBuildPhase;
			buildActionMask = 2147483647;
			dstPath = "";
			dstSubfolderSpec = 10;
			files = (
				BCDED2691C8180660059E770 /* RealmSwift.framework in Embed Frameworks */,
				BCDED2671C8180660059E770 /* Realm.framework in Embed Frameworks */,
			);
			name = "Embed Frameworks";
			runOnlyForDeploymentPostprocessing = 0;
		};
/* End PBXCopyFilesBuildPhase section */

/* Begin PBXFileReference section */
		BC50E0B31C8182670043184D /* Currency.swift */ = {isa = PBXFileReference; fileEncoding = 4; lastKnownFileType = sourcecode.swift; path = Currency.swift; sourceTree = "<group>"; };
		BC6917D91C7EA436007F8431 /* CalculatorButton.swift */ = {isa = PBXFileReference; fileEncoding = 4; lastKnownFileType = sourcecode.swift; path = CalculatorButton.swift; sourceTree = "<group>"; };
		BC6917DB1C7EA4D5007F8431 /* CalculatorActionButton.swift */ = {isa = PBXFileReference; fileEncoding = 4; lastKnownFileType = sourcecode.swift; path = CalculatorActionButton.swift; sourceTree = "<group>"; };
		BCD920041C6BA6AC0089F52A /* Currency.app */ = {isa = PBXFileReference; explicitFileType = wrapper.application; includeInIndex = 0; path = Currency.app; sourceTree = BUILT_PRODUCTS_DIR; };
		BCD920071C6BA6AC0089F52A /* AppDelegate.swift */ = {isa = PBXFileReference; lastKnownFileType = sourcecode.swift; path = AppDelegate.swift; sourceTree = "<group>"; };
		BCD920091C6BA6AC0089F52A /* ViewController.swift */ = {isa = PBXFileReference; lastKnownFileType = sourcecode.swift; path = ViewController.swift; sourceTree = "<group>"; };
		BCD9200C1C6BA6AC0089F52A /* Base */ = {isa = PBXFileReference; lastKnownFileType = file.storyboard; name = Base; path = Base.lproj/Main.storyboard; sourceTree = "<group>"; };
		BCD9200F1C6BA6AC0089F52A /* Currency.xcdatamodel */ = {isa = PBXFileReference; lastKnownFileType = wrapper.xcdatamodel; path = Currency.xcdatamodel; sourceTree = "<group>"; };
		BCD920111C6BA6AC0089F52A /* Assets.xcassets */ = {isa = PBXFileReference; lastKnownFileType = folder.assetcatalog; path = Assets.xcassets; sourceTree = "<group>"; };
		BCD920141C6BA6AC0089F52A /* Base */ = {isa = PBXFileReference; lastKnownFileType = file.storyboard; name = Base; path = Base.lproj/LaunchScreen.storyboard; sourceTree = "<group>"; };
		BCD920161C6BA6AC0089F52A /* Info.plist */ = {isa = PBXFileReference; lastKnownFileType = text.plist.xml; path = Info.plist; sourceTree = "<group>"; };
		BCD9201B1C6BA6AC0089F52A /* CurrencyTests.xctest */ = {isa = PBXFileReference; explicitFileType = wrapper.cfbundle; includeInIndex = 0; path = CurrencyTests.xctest; sourceTree = BUILT_PRODUCTS_DIR; };
		BCD9201F1C6BA6AC0089F52A /* CurrencyTests.swift */ = {isa = PBXFileReference; lastKnownFileType = sourcecode.swift; path = CurrencyTests.swift; sourceTree = "<group>"; };
		BCD920211C6BA6AC0089F52A /* Info.plist */ = {isa = PBXFileReference; lastKnownFileType = text.plist.xml; path = Info.plist; sourceTree = "<group>"; };
		BCD920261C6BA6AC0089F52A /* CurrencyUITests.xctest */ = {isa = PBXFileReference; explicitFileType = wrapper.cfbundle; includeInIndex = 0; path = CurrencyUITests.xctest; sourceTree = BUILT_PRODUCTS_DIR; };
		BCD9202A1C6BA6AC0089F52A /* CurrencyUITests.swift */ = {isa = PBXFileReference; lastKnownFileType = sourcecode.swift; path = CurrencyUITests.swift; sourceTree = "<group>"; };
		BCD9202C1C6BA6AC0089F52A /* Info.plist */ = {isa = PBXFileReference; lastKnownFileType = text.plist.xml; path = Info.plist; sourceTree = "<group>"; };
		BCD9CCEB1C8076B70061AEF1 /* button_action_bg_1.png */ = {isa = PBXFileReference; lastKnownFileType = image.png; name = button_action_bg_1.png; path = Assets.xcassets/button_action_bg_1.png; sourceTree = "<group>"; };
		BCD9CCEC1C8076B70061AEF1 /* button_action_bg_1@2x.png */ = {isa = PBXFileReference; lastKnownFileType = image.png; name = "button_action_bg_1@2x.png"; path = "Assets.xcassets/button_action_bg_1@2x.png"; sourceTree = "<group>"; };
		BCD9CCED1C8076B70061AEF1 /* button_action_bg_1@3x.png */ = {isa = PBXFileReference; lastKnownFileType = image.png; name = "button_action_bg_1@3x.png"; path = "Assets.xcassets/button_action_bg_1@3x.png"; sourceTree = "<group>"; };
		BCD9CCEE1C8076B70061AEF1 /* button_action_bg_2.png */ = {isa = PBXFileReference; lastKnownFileType = image.png; name = button_action_bg_2.png; path = Assets.xcassets/button_action_bg_2.png; sourceTree = "<group>"; };
		BCD9CCEF1C8076B70061AEF1 /* button_action_bg_2@2x.png */ = {isa = PBXFileReference; lastKnownFileType = image.png; name = "button_action_bg_2@2x.png"; path = "Assets.xcassets/button_action_bg_2@2x.png"; sourceTree = "<group>"; };
		BCD9CCF01C8076B70061AEF1 /* button_action_bg_2@3x.png */ = {isa = PBXFileReference; lastKnownFileType = image.png; name = "button_action_bg_2@3x.png"; path = "Assets.xcassets/button_action_bg_2@3x.png"; sourceTree = "<group>"; };
		BCD9CCF11C8076B70061AEF1 /* button_action_bg_3.png */ = {isa = PBXFileReference; lastKnownFileType = image.png; name = button_action_bg_3.png; path = Assets.xcassets/button_action_bg_3.png; sourceTree = "<group>"; };
		BCD9CCF21C8076B70061AEF1 /* button_action_bg_3@2x.png */ = {isa = PBXFileReference; lastKnownFileType = image.png; name = "button_action_bg_3@2x.png"; path = "Assets.xcassets/button_action_bg_3@2x.png"; sourceTree = "<group>"; };
		BCD9CCF31C8076B70061AEF1 /* button_action_bg_3@3x.png */ = {isa = PBXFileReference; lastKnownFileType = image.png; name = "button_action_bg_3@3x.png"; path = "Assets.xcassets/button_action_bg_3@3x.png"; sourceTree = "<group>"; };
		BCD9CCF41C8076B70061AEF1 /* button_action_bg_4.png */ = {isa = PBXFileReference; lastKnownFileType = image.png; name = button_action_bg_4.png; path = Assets.xcassets/button_action_bg_4.png; sourceTree = "<group>"; };
		BCD9CCF51C8076B70061AEF1 /* button_action_bg_4@2x.png */ = {isa = PBXFileReference; lastKnownFileType = image.png; name = "button_action_bg_4@2x.png"; path = "Assets.xcassets/button_action_bg_4@2x.png"; sourceTree = "<group>"; };
		BCD9CCF61C8076B70061AEF1 /* button_action_bg_4@3x.png */ = {isa = PBXFileReference; lastKnownFileType = image.png; name = "button_action_bg_4@3x.png"; path = "Assets.xcassets/button_action_bg_4@3x.png"; sourceTree = "<group>"; };
		BCD9CCF71C8076B70061AEF1 /* button_bg_1.png */ = {isa = PBXFileReference; lastKnownFileType = image.png; name = button_bg_1.png; path = Assets.xcassets/button_bg_1.png; sourceTree = "<group>"; };
		BCD9CCF81C8076B70061AEF1 /* button_bg_1@2x.png */ = {isa = PBXFileReference; lastKnownFileType = image.png; name = "button_bg_1@2x.png"; path = "Assets.xcassets/button_bg_1@2x.png"; sourceTree = "<group>"; };
		BCD9CCF91C8076B70061AEF1 /* button_bg_1@3x.png */ = {isa = PBXFileReference; lastKnownFileType = image.png; name = "button_bg_1@3x.png"; path = "Assets.xcassets/button_bg_1@3x.png"; sourceTree = "<group>"; };
		BCD9CCFA1C8076B70061AEF1 /* button_bg_2.png */ = {isa = PBXFileReference; lastKnownFileType = image.png; name = button_bg_2.png; path = Assets.xcassets/button_bg_2.png; sourceTree = "<group>"; };
		BCD9CCFB1C8076B70061AEF1 /* button_bg_2@2x.png */ = {isa = PBXFileReference; lastKnownFileType = image.png; name = "button_bg_2@2x.png"; path = "Assets.xcassets/button_bg_2@2x.png"; sourceTree = "<group>"; };
		BCD9CCFC1C8076B70061AEF1 /* button_bg_2@3x.png */ = {isa = PBXFileReference; lastKnownFileType = image.png; name = "button_bg_2@3x.png"; path = "Assets.xcassets/button_bg_2@3x.png"; sourceTree = "<group>"; };
		BCD9CCFD1C8076B70061AEF1 /* button_bg_3.png */ = {isa = PBXFileReference; lastKnownFileType = image.png; name = button_bg_3.png; path = Assets.xcassets/button_bg_3.png; sourceTree = "<group>"; };
		BCD9CCFE1C8076B70061AEF1 /* button_bg_3@2x.png */ = {isa = PBXFileReference; lastKnownFileType = image.png; name = "button_bg_3@2x.png"; path = "Assets.xcassets/button_bg_3@2x.png"; sourceTree = "<group>"; };
		BCD9CCFF1C8076B70061AEF1 /* button_bg_3@3x.png */ = {isa = PBXFileReference; lastKnownFileType = image.png; name = "button_bg_3@3x.png"; path = "Assets.xcassets/button_bg_3@3x.png"; sourceTree = "<group>"; };
		BCD9CD001C8076B70061AEF1 /* button_bg_4.png */ = {isa = PBXFileReference; lastKnownFileType = image.png; name = button_bg_4.png; path = Assets.xcassets/button_bg_4.png; sourceTree = "<group>"; };
		BCD9CD011C8076B70061AEF1 /* button_bg_4@2x.png */ = {isa = PBXFileReference; lastKnownFileType = image.png; name = "button_bg_4@2x.png"; path = "Assets.xcassets/button_bg_4@2x.png"; sourceTree = "<group>"; };
		BCD9CD021C8076B70061AEF1 /* button_bg_4@3x.png */ = {isa = PBXFileReference; lastKnownFileType = image.png; name = "button_bg_4@3x.png"; path = "Assets.xcassets/button_bg_4@3x.png"; sourceTree = "<group>"; };
		BCD9CD1B1C8077990061AEF1 /* button_clear_bg.png */ = {isa = PBXFileReference; lastKnownFileType = image.png; name = button_clear_bg.png; path = Assets.xcassets/button_clear_bg.png; sourceTree = "<group>"; };
		BCD9CD1C1C8077990061AEF1 /* button_clear_bg@2x.png */ = {isa = PBXFileReference; lastKnownFileType = image.png; name = "button_clear_bg@2x.png"; path = "Assets.xcassets/button_clear_bg@2x.png"; sourceTree = "<group>"; };
		BCD9CD1D1C8077990061AEF1 /* button_clear_bg@3x.png */ = {isa = PBXFileReference; lastKnownFileType = image.png; name = "button_clear_bg@3x.png"; path = "Assets.xcassets/button_clear_bg@3x.png"; sourceTree = "<group>"; };
		BCDED2621C8095180059E770 /* CurrencyConverter.swift */ = {isa = PBXFileReference; fileEncoding = 4; lastKnownFileType = sourcecode.swift; path = CurrencyConverter.swift; sourceTree = "<group>"; };
		BCDED2641C8180660059E770 /* Realm.framework */ = {isa = PBXFileReference; lastKnownFileType = wrapper.framework; path = Realm.framework; sourceTree = "<group>"; };
		BCDED2651C8180660059E770 /* RealmSwift.framework */ = {isa = PBXFileReference; lastKnownFileType = wrapper.framework; path = RealmSwift.framework; sourceTree = "<group>"; };
		BCE0A65A1C81A3500093AC38 /* default.realm */ = {isa = PBXFileReference; lastKnownFileType = file; name = default.realm; path = Currency/default.realm; sourceTree = "<group>"; };
		BCEC05EF1C6CDD2600E992AE /* icon_switch.png */ = {isa = PBXFileReference; lastKnownFileType = image.png; name = icon_switch.png; path = Assets.xcassets/icon_switch.png; sourceTree = "<group>"; };
		BCEC05F01C6CDD2600E992AE /* icon_switch@2x.png */ = {isa = PBXFileReference; lastKnownFileType = image.png; name = "icon_switch@2x.png"; path = "Assets.xcassets/icon_switch@2x.png"; sourceTree = "<group>"; };
		BCEC05F11C6CDD2600E992AE /* icon_switch@3x.png */ = {isa = PBXFileReference; lastKnownFileType = image.png; name = "icon_switch@3x.png"; path = "Assets.xcassets/icon_switch@3x.png"; sourceTree = "<group>"; };
/* End PBXFileReference section */

/* Begin PBXFrameworksBuildPhase section */
		BCD920011C6BA6AC0089F52A /* Frameworks */ = {
			isa = PBXFrameworksBuildPhase;
			buildActionMask = 2147483647;
			files = (
				BCDED2681C8180660059E770 /* RealmSwift.framework in Frameworks */,
				BCDED2661C8180660059E770 /* Realm.framework in Frameworks */,
			);
			runOnlyForDeploymentPostprocessing = 0;
		};
		BCD920181C6BA6AC0089F52A /* Frameworks */ = {
			isa = PBXFrameworksBuildPhase;
			buildActionMask = 2147483647;
			files = (
			);
			runOnlyForDeploymentPostprocessing = 0;
		};
		BCD920231C6BA6AC0089F52A /* Frameworks */ = {
			isa = PBXFrameworksBuildPhase;
			buildActionMask = 2147483647;
			files = (
			);
			runOnlyForDeploymentPostprocessing = 0;
		};
/* End PBXFrameworksBuildPhase section */

/* Begin PBXGroup section */
		BC9DB87B1C6C9A41001C9319 /* Assets */ = {
			isa = PBXGroup;
			children = (
				BCD9CCEB1C8076B70061AEF1 /* button_action_bg_1.png */,
				BCD9CCEC1C8076B70061AEF1 /* button_action_bg_1@2x.png */,
				BCD9CCED1C8076B70061AEF1 /* button_action_bg_1@3x.png */,
				BCD9CCEE1C8076B70061AEF1 /* button_action_bg_2.png */,
				BCD9CCEF1C8076B70061AEF1 /* button_action_bg_2@2x.png */,
				BCD9CCF01C8076B70061AEF1 /* button_action_bg_2@3x.png */,
				BCD9CCF11C8076B70061AEF1 /* button_action_bg_3.png */,
				BCD9CCF21C8076B70061AEF1 /* button_action_bg_3@2x.png */,
				BCD9CCF31C8076B70061AEF1 /* button_action_bg_3@3x.png */,
				BCD9CCF41C8076B70061AEF1 /* button_action_bg_4.png */,
				BCD9CD1B1C8077990061AEF1 /* button_clear_bg.png */,
				BCD9CD1C1C8077990061AEF1 /* button_clear_bg@2x.png */,
				BCD9CD1D1C8077990061AEF1 /* button_clear_bg@3x.png */,
				BCD9CCF51C8076B70061AEF1 /* button_action_bg_4@2x.png */,
				BCD9CCF61C8076B70061AEF1 /* button_action_bg_4@3x.png */,
				BCD9CCF71C8076B70061AEF1 /* button_bg_1.png */,
				BCD9CCF81C8076B70061AEF1 /* button_bg_1@2x.png */,
				BCD9CCF91C8076B70061AEF1 /* button_bg_1@3x.png */,
				BCD9CCFA1C8076B70061AEF1 /* button_bg_2.png */,
				BCD9CCFB1C8076B70061AEF1 /* button_bg_2@2x.png */,
				BCD9CCFC1C8076B70061AEF1 /* button_bg_2@3x.png */,
				BCD9CCFD1C8076B70061AEF1 /* button_bg_3.png */,
				BCD9CCFE1C8076B70061AEF1 /* button_bg_3@2x.png */,
				BCD9CCFF1C8076B70061AEF1 /* button_bg_3@3x.png */,
				BCD9CD001C8076B70061AEF1 /* button_bg_4.png */,
				BCD9CD011C8076B70061AEF1 /* button_bg_4@2x.png */,
				BCD9CD021C8076B70061AEF1 /* button_bg_4@3x.png */,
				BCEC05EF1C6CDD2600E992AE /* icon_switch.png */,
				BCEC05F01C6CDD2600E992AE /* icon_switch@2x.png */,
				BCEC05F11C6CDD2600E992AE /* icon_switch@3x.png */,
			);
			name = Assets;
			path = Currency;
			sourceTree = "<group>";
		};
		BCD91FFB1C6BA6AC0089F52A = {
			isa = PBXGroup;
			children = (
				BC9DB87B1C6C9A41001C9319 /* Assets */,
				BCD920061C6BA6AC0089F52A /* Currency */,
				BCD9201E1C6BA6AC0089F52A /* CurrencyTests */,
				BCD920291C6BA6AC0089F52A /* CurrencyUITests */,
				BCE0A6531C81852E0093AC38 /* Frameworks */,
				BCD920051C6BA6AC0089F52A /* Products */,
				BCE0A65A1C81A3500093AC38 /* default.realm */,
			);
			sourceTree = "<group>";
		};
		BCD920051C6BA6AC0089F52A /* Products */ = {
			isa = PBXGroup;
			children = (
				BCD920041C6BA6AC0089F52A /* Currency.app */,
				BCD9201B1C6BA6AC0089F52A /* CurrencyTests.xctest */,
				BCD920261C6BA6AC0089F52A /* CurrencyUITests.xctest */,
			);
			name = Products;
			sourceTree = "<group>";
		};
		BCD920061C6BA6AC0089F52A /* Currency */ = {
			isa = PBXGroup;
			children = (
				BCD920111C6BA6AC0089F52A /* Assets.xcassets */,
				BCD920071C6BA6AC0089F52A /* AppDelegate.swift */,
				BCD920091C6BA6AC0089F52A /* ViewController.swift */,
				BCDED2621C8095180059E770 /* CurrencyConverter.swift */,
				BCE0A6551C8185CC0093AC38 /* UI Classes */,
				BCE0A6541C8185C10093AC38 /* Models */,
				BCD9200B1C6BA6AC0089F52A /* Main.storyboard */,
				BCD920131C6BA6AC0089F52A /* LaunchScreen.storyboard */,
				BCD920161C6BA6AC0089F52A /* Info.plist */,
				BCD9200E1C6BA6AC0089F52A /* Currency.xcdatamodeld */,
			);
			path = Currency;
			sourceTree = "<group>";
		};
		BCD9201E1C6BA6AC0089F52A /* CurrencyTests */ = {
			isa = PBXGroup;
			children = (
				BCD9201F1C6BA6AC0089F52A /* CurrencyTests.swift */,
				BCD920211C6BA6AC0089F52A /* Info.plist */,
			);
			path = CurrencyTests;
			sourceTree = "<group>";
		};
		BCD920291C6BA6AC0089F52A /* CurrencyUITests */ = {
			isa = PBXGroup;
			children = (
				BCD9202A1C6BA6AC0089F52A /* CurrencyUITests.swift */,
				BCD9202C1C6BA6AC0089F52A /* Info.plist */,
			);
			path = CurrencyUITests;
			sourceTree = "<group>";
		};
		BCE0A6531C81852E0093AC38 /* Frameworks */ = {
			isa = PBXGroup;
			children = (
				BCDED2641C8180660059E770 /* Realm.framework */,
				BCDED2651C8180660059E770 /* RealmSwift.framework */,
			);
			name = Frameworks;
			sourceTree = "<group>";
		};
		BCE0A6541C8185C10093AC38 /* Models */ = {
			isa = PBXGroup;
			children = (
				BC50E0B31C8182670043184D /* Currency.swift */,
			);
			name = Models;
			sourceTree = "<group>";
		};
		BCE0A6551C8185CC0093AC38 /* UI Classes */ = {
			isa = PBXGroup;
			children = (
				BC6917D91C7EA436007F8431 /* CalculatorButton.swift */,
				BC6917DB1C7EA4D5007F8431 /* CalculatorActionButton.swift */,
			);
			name = "UI Classes";
			sourceTree = "<group>";
		};
/* End PBXGroup section */

/* Begin PBXNativeTarget section */
		BCD920031C6BA6AC0089F52A /* Currency */ = {
			isa = PBXNativeTarget;
			buildConfigurationList = BCD9202F1C6BA6AC0089F52A /* Build configuration list for PBXNativeTarget "Currency" */;
			buildPhases = (
				BCD920001C6BA6AC0089F52A /* Sources */,
				BCD920011C6BA6AC0089F52A /* Frameworks */,
				BCD920021C6BA6AC0089F52A /* Resources */,
				BCDED26A1C8180660059E770 /* Embed Frameworks */,
				BCDED26B1C81813F0059E770 /* ShellScript */,
			);
			buildRules = (
			);
			dependencies = (
			);
			name = Currency;
			productName = Currency;
			productReference = BCD920041C6BA6AC0089F52A /* Currency.app */;
			productType = "com.apple.product-type.application";
		};
		BCD9201A1C6BA6AC0089F52A /* CurrencyTests */ = {
			isa = PBXNativeTarget;
			buildConfigurationList = BCD920321C6BA6AC0089F52A /* Build configuration list for PBXNativeTarget "CurrencyTests" */;
			buildPhases = (
				BCD920171C6BA6AC0089F52A /* Sources */,
				BCD920181C6BA6AC0089F52A /* Frameworks */,
				BCD920191C6BA6AC0089F52A /* Resources */,
			);
			buildRules = (
			);
			dependencies = (
				BCD9201D1C6BA6AC0089F52A /* PBXTargetDependency */,
			);
			name = CurrencyTests;
			productName = CurrencyTests;
			productReference = BCD9201B1C6BA6AC0089F52A /* CurrencyTests.xctest */;
			productType = "com.apple.product-type.bundle.unit-test";
		};
		BCD920251C6BA6AC0089F52A /* CurrencyUITests */ = {
			isa = PBXNativeTarget;
			buildConfigurationList = BCD920351C6BA6AC0089F52A /* Build configuration list for PBXNativeTarget "CurrencyUITests" */;
			buildPhases = (
				BCD920221C6BA6AC0089F52A /* Sources */,
				BCD920231C6BA6AC0089F52A /* Frameworks */,
				BCD920241C6BA6AC0089F52A /* Resources */,
			);
			buildRules = (
			);
			dependencies = (
				BCD920281C6BA6AC0089F52A /* PBXTargetDependency */,
			);
			name = CurrencyUITests;
			productName = CurrencyUITests;
			productReference = BCD920261C6BA6AC0089F52A /* CurrencyUITests.xctest */;
			productType = "com.apple.product-type.bundle.ui-testing";
		};
/* End PBXNativeTarget section */

/* Begin PBXProject section */
		BCD91FFC1C6BA6AC0089F52A /* Project object */ = {
			isa = PBXProject;
			attributes = {
				KnownAssetTags = (
					inputCurrencyLabel,
				);
				LastSwiftUpdateCheck = 0720;
				LastUpgradeCheck = 0720;
				ORGANIZATIONNAME = "Nuno Coelho Santos";
				TargetAttributes = {
					BCD920031C6BA6AC0089F52A = {
						CreatedOnToolsVersion = 7.2.1;
						DevelopmentTeam = 248LY2DZN5;
					};
					BCD9201A1C6BA6AC0089F52A = {
						CreatedOnToolsVersion = 7.2.1;
						DevelopmentTeam = 248LY2DZN5;
						TestTargetID = BCD920031C6BA6AC0089F52A;
					};
					BCD920251C6BA6AC0089F52A = {
						CreatedOnToolsVersion = 7.2.1;
						DevelopmentTeam = 248LY2DZN5;
						TestTargetID = BCD920031C6BA6AC0089F52A;
					};
				};
			};
			buildConfigurationList = BCD91FFF1C6BA6AC0089F52A /* Build configuration list for PBXProject "Currency" */;
			compatibilityVersion = "Xcode 3.2";
			developmentRegion = English;
			hasScannedForEncodings = 0;
			knownRegions = (
				en,
				Base,
			);
			mainGroup = BCD91FFB1C6BA6AC0089F52A;
			productRefGroup = BCD920051C6BA6AC0089F52A /* Products */;
			projectDirPath = "";
			projectRoot = "";
			targets = (
				BCD920031C6BA6AC0089F52A /* Currency */,
				BCD9201A1C6BA6AC0089F52A /* CurrencyTests */,
				BCD920251C6BA6AC0089F52A /* CurrencyUITests */,
			);
		};
/* End PBXProject section */

/* Begin PBXResourcesBuildPhase section */
		BCD920021C6BA6AC0089F52A /* Resources */ = {
			isa = PBXResourcesBuildPhase;
			buildActionMask = 2147483647;
			files = (
				BCE0A65B1C81A35A0093AC38 /* default.realm in Resources */,
				BCEC05F21C6CDD2600E992AE /* icon_switch.png in Resources */,
				BCD9CD131C8076B70061AEF1 /* button_bg_2@2x.png in Resources */,
				BCD9CD1E1C8077990061AEF1 /* button_clear_bg.png in Resources */,
				BCD9CD0A1C8076B70061AEF1 /* button_action_bg_3@2x.png in Resources */,
				BCD920151C6BA6AC0089F52A /* LaunchScreen.storyboard in Resources */,
				BCD9CD0D1C8076B70061AEF1 /* button_action_bg_4@2x.png in Resources */,
				BCEC05F41C6CDD2600E992AE /* icon_switch@3x.png in Resources */,
				BCD9CD0F1C8076B70061AEF1 /* button_bg_1.png in Resources */,
				BCD9CD031C8076B70061AEF1 /* button_action_bg_1.png in Resources */,
				BCD9CD121C8076B70061AEF1 /* button_bg_2.png in Resources */,
				BCD9CD051C8076B70061AEF1 /* button_action_bg_1@3x.png in Resources */,
				BCD9CD151C8076B70061AEF1 /* button_bg_3.png in Resources */,
				BCD9CD091C8076B70061AEF1 /* button_action_bg_3.png in Resources */,
				BCD9CD081C8076B70061AEF1 /* button_action_bg_2@3x.png in Resources */,
				BCD9CD0E1C8076B70061AEF1 /* button_action_bg_4@3x.png in Resources */,
				BCD9CD111C8076B70061AEF1 /* button_bg_1@3x.png in Resources */,
				BCD920121C6BA6AC0089F52A /* Assets.xcassets in Resources */,
				BCEC05F31C6CDD2600E992AE /* icon_switch@2x.png in Resources */,
				BCD9CD071C8076B70061AEF1 /* button_action_bg_2@2x.png in Resources */,
				BCD9200D1C6BA6AC0089F52A /* Main.storyboard in Resources */,
				BCD9CD161C8076B70061AEF1 /* button_bg_3@2x.png in Resources */,
				BCD9CD041C8076B70061AEF1 /* button_action_bg_1@2x.png in Resources */,
				BCD9CD201C8077990061AEF1 /* button_clear_bg@3x.png in Resources */,
				BCD9CD181C8076B70061AEF1 /* button_bg_4.png in Resources */,
				BCD9CD0C1C8076B70061AEF1 /* button_action_bg_4.png in Resources */,
				BCD9CD061C8076B70061AEF1 /* button_action_bg_2.png in Resources */,
				BCD9CD171C8076B70061AEF1 /* button_bg_3@3x.png in Resources */,
				BCD9CD1A1C8076B70061AEF1 /* button_bg_4@3x.png in Resources */,
				BCD9CD191C8076B70061AEF1 /* button_bg_4@2x.png in Resources */,
				BCD9CD141C8076B70061AEF1 /* button_bg_2@3x.png in Resources */,
				BCD9CD1F1C8077990061AEF1 /* button_clear_bg@2x.png in Resources */,
				BCD9CD0B1C8076B70061AEF1 /* button_action_bg_3@3x.png in Resources */,
				BCD9CD101C8076B70061AEF1 /* button_bg_1@2x.png in Resources */,
			);
			runOnlyForDeploymentPostprocessing = 0;
		};
		BCD920191C6BA6AC0089F52A /* Resources */ = {
			isa = PBXResourcesBuildPhase;
			buildActionMask = 2147483647;
			files = (
			);
			runOnlyForDeploymentPostprocessing = 0;
		};
		BCD920241C6BA6AC0089F52A /* Resources */ = {
			isa = PBXResourcesBuildPhase;
			buildActionMask = 2147483647;
			files = (
			);
			runOnlyForDeploymentPostprocessing = 0;
		};
/* End PBXResourcesBuildPhase section */

/* Begin PBXShellScriptBuildPhase section */
		BCDED26B1C81813F0059E770 /* ShellScript */ = {
			isa = PBXShellScriptBuildPhase;
			buildActionMask = 2147483647;
			files = (
			);
			inputPaths = (
			);
			outputPaths = (
			);
			runOnlyForDeploymentPostprocessing = 0;
			shellPath = /bin/sh;
			shellScript = "bash \"${BUILT_PRODUCTS_DIR}/${FRAMEWORKS_FOLDER_PATH}/Realm.framework/strip-frameworks.sh\"";
		};
/* End PBXShellScriptBuildPhase section */

/* Begin PBXSourcesBuildPhase section */
		BCD920001C6BA6AC0089F52A /* Sources */ = {
			isa = PBXSourcesBuildPhase;
			buildActionMask = 2147483647;
			files = (
				BC6917DC1C7EA4D5007F8431 /* CalculatorActionButton.swift in Sources */,
				BCD920101C6BA6AC0089F52A /* Currency.xcdatamodeld in Sources */,
				BCD9200A1C6BA6AC0089F52A /* ViewController.swift in Sources */,
				BCDED2631C8095180059E770 /* CurrencyConverter.swift in Sources */,
				BCD920081C6BA6AC0089F52A /* AppDelegate.swift in Sources */,
				BC50E0B41C8182670043184D /* Currency.swift in Sources */,
				BC6917DA1C7EA436007F8431 /* CalculatorButton.swift in Sources */,
			);
			runOnlyForDeploymentPostprocessing = 0;
		};
		BCD920171C6BA6AC0089F52A /* Sources */ = {
			isa = PBXSourcesBuildPhase;
			buildActionMask = 2147483647;
			files = (
				BCD920201C6BA6AC0089F52A /* CurrencyTests.swift in Sources */,
			);
			runOnlyForDeploymentPostprocessing = 0;
		};
		BCD920221C6BA6AC0089F52A /* Sources */ = {
			isa = PBXSourcesBuildPhase;
			buildActionMask = 2147483647;
			files = (
				BCD9202B1C6BA6AC0089F52A /* CurrencyUITests.swift in Sources */,
			);
			runOnlyForDeploymentPostprocessing = 0;
		};
/* End PBXSourcesBuildPhase section */

/* Begin PBXTargetDependency section */
		BCD9201D1C6BA6AC0089F52A /* PBXTargetDependency */ = {
			isa = PBXTargetDependency;
			target = BCD920031C6BA6AC0089F52A /* Currency */;
			targetProxy = BCD9201C1C6BA6AC0089F52A /* PBXContainerItemProxy */;
		};
		BCD920281C6BA6AC0089F52A /* PBXTargetDependency */ = {
			isa = PBXTargetDependency;
			target = BCD920031C6BA6AC0089F52A /* Currency */;
			targetProxy = BCD920271C6BA6AC0089F52A /* PBXContainerItemProxy */;
		};
/* End PBXTargetDependency section */

/* Begin PBXVariantGroup section */
		BCD9200B1C6BA6AC0089F52A /* Main.storyboard */ = {
			isa = PBXVariantGroup;
			children = (
				BCD9200C1C6BA6AC0089F52A /* Base */,
			);
			name = Main.storyboard;
			sourceTree = "<group>";
		};
		BCD920131C6BA6AC0089F52A /* LaunchScreen.storyboard */ = {
			isa = PBXVariantGroup;
			children = (
				BCD920141C6BA6AC0089F52A /* Base */,
			);
			name = LaunchScreen.storyboard;
			sourceTree = "<group>";
		};
/* End PBXVariantGroup section */

/* Begin XCBuildConfiguration section */
		BCD9202D1C6BA6AC0089F52A /* Debug */ = {
			isa = XCBuildConfiguration;
			buildSettings = {
				ALWAYS_SEARCH_USER_PATHS = NO;
				CLANG_CXX_LANGUAGE_STANDARD = "gnu++0x";
				CLANG_CXX_LIBRARY = "libc++";
				CLANG_ENABLE_MODULES = YES;
				CLANG_ENABLE_OBJC_ARC = YES;
				CLANG_WARN_BOOL_CONVERSION = YES;
				CLANG_WARN_CONSTANT_CONVERSION = YES;
				CLANG_WARN_DIRECT_OBJC_ISA_USAGE = YES_ERROR;
				CLANG_WARN_EMPTY_BODY = YES;
				CLANG_WARN_ENUM_CONVERSION = YES;
				CLANG_WARN_INT_CONVERSION = YES;
				CLANG_WARN_OBJC_ROOT_CLASS = YES_ERROR;
				CLANG_WARN_UNREACHABLE_CODE = YES;
				CLANG_WARN__DUPLICATE_METHOD_MATCH = YES;
				"CODE_SIGN_IDENTITY[sdk=iphoneos*]" = "iPhone Developer";
				COPY_PHASE_STRIP = NO;
				DEBUG_INFORMATION_FORMAT = dwarf;
				ENABLE_STRICT_OBJC_MSGSEND = YES;
				ENABLE_TESTABILITY = YES;
				GCC_C_LANGUAGE_STANDARD = gnu99;
				GCC_DYNAMIC_NO_PIC = NO;
				GCC_NO_COMMON_BLOCKS = YES;
				GCC_OPTIMIZATION_LEVEL = 0;
				GCC_PREPROCESSOR_DEFINITIONS = (
					"DEBUG=1",
					"$(inherited)",
				);
				GCC_WARN_64_TO_32_BIT_CONVERSION = YES;
				GCC_WARN_ABOUT_RETURN_TYPE = YES_ERROR;
				GCC_WARN_UNDECLARED_SELECTOR = YES;
				GCC_WARN_UNINITIALIZED_AUTOS = YES_AGGRESSIVE;
				GCC_WARN_UNUSED_FUNCTION = YES;
				GCC_WARN_UNUSED_VARIABLE = YES;
				IPHONEOS_DEPLOYMENT_TARGET = 9.2;
				MTL_ENABLE_DEBUG_INFO = YES;
				ONLY_ACTIVE_ARCH = YES;
				SDKROOT = iphoneos;
				SWIFT_OPTIMIZATION_LEVEL = "-Onone";
			};
			name = Debug;
		};
		BCD9202E1C6BA6AC0089F52A /* Release */ = {
			isa = XCBuildConfiguration;
			buildSettings = {
				ALWAYS_SEARCH_USER_PATHS = NO;
				CLANG_CXX_LANGUAGE_STANDARD = "gnu++0x";
				CLANG_CXX_LIBRARY = "libc++";
				CLANG_ENABLE_MODULES = YES;
				CLANG_ENABLE_OBJC_ARC = YES;
				CLANG_WARN_BOOL_CONVERSION = YES;
				CLANG_WARN_CONSTANT_CONVERSION = YES;
				CLANG_WARN_DIRECT_OBJC_ISA_USAGE = YES_ERROR;
				CLANG_WARN_EMPTY_BODY = YES;
				CLANG_WARN_ENUM_CONVERSION = YES;
				CLANG_WARN_INT_CONVERSION = YES;
				CLANG_WARN_OBJC_ROOT_CLASS = YES_ERROR;
				CLANG_WARN_UNREACHABLE_CODE = YES;
				CLANG_WARN__DUPLICATE_METHOD_MATCH = YES;
				"CODE_SIGN_IDENTITY[sdk=iphoneos*]" = "iPhone Developer";
				COPY_PHASE_STRIP = NO;
				DEBUG_INFORMATION_FORMAT = "dwarf-with-dsym";
				ENABLE_NS_ASSERTIONS = NO;
				ENABLE_STRICT_OBJC_MSGSEND = YES;
				GCC_C_LANGUAGE_STANDARD = gnu99;
				GCC_NO_COMMON_BLOCKS = YES;
				GCC_WARN_64_TO_32_BIT_CONVERSION = YES;
				GCC_WARN_ABOUT_RETURN_TYPE = YES_ERROR;
				GCC_WARN_UNDECLARED_SELECTOR = YES;
				GCC_WARN_UNINITIALIZED_AUTOS = YES_AGGRESSIVE;
				GCC_WARN_UNUSED_FUNCTION = YES;
				GCC_WARN_UNUSED_VARIABLE = YES;
				IPHONEOS_DEPLOYMENT_TARGET = 9.2;
				MTL_ENABLE_DEBUG_INFO = NO;
				SDKROOT = iphoneos;
				VALIDATE_PRODUCT = YES;
			};
			name = Release;
		};
		BCD920301C6BA6AC0089F52A /* Debug */ = {
			isa = XCBuildConfiguration;
			buildSettings = {
				ASSETCATALOG_COMPILER_APPICON_NAME = AppIcon;
				FRAMEWORK_SEARCH_PATHS = (
					"$(inherited)",
					"$(PROJECT_DIR)",
				);
				INFOPLIST_FILE = Currency/Info.plist;
				LD_RUNPATH_SEARCH_PATHS = "$(inherited) @executable_path/Frameworks";
				PRODUCT_BUNDLE_IDENTIFIER = com.nunocoelhosantos.Currency;
				PRODUCT_NAME = "$(TARGET_NAME)";
			};
			name = Debug;
		};
		BCD920311C6BA6AC0089F52A /* Release */ = {
			isa = XCBuildConfiguration;
			buildSettings = {
				ASSETCATALOG_COMPILER_APPICON_NAME = AppIcon;
				FRAMEWORK_SEARCH_PATHS = (
					"$(inherited)",
					"$(PROJECT_DIR)",
				);
				INFOPLIST_FILE = Currency/Info.plist;
				LD_RUNPATH_SEARCH_PATHS = "$(inherited) @executable_path/Frameworks";
				PRODUCT_BUNDLE_IDENTIFIER = com.nunocoelhosantos.Currency;
				PRODUCT_NAME = "$(TARGET_NAME)";
			};
			name = Release;
		};
		BCD920331C6BA6AC0089F52A /* Debug */ = {
			isa = XCBuildConfiguration;
			buildSettings = {
				BUNDLE_LOADER = "$(TEST_HOST)";
				INFOPLIST_FILE = CurrencyTests/Info.plist;
				LD_RUNPATH_SEARCH_PATHS = "$(inherited) @executable_path/Frameworks @loader_path/Frameworks";
				PRODUCT_BUNDLE_IDENTIFIER = com.nunocoelhosantos.CurrencyTests;
				PRODUCT_NAME = "$(TARGET_NAME)";
				TEST_HOST = "$(BUILT_PRODUCTS_DIR)/Currency.app/Currency";
			};
			name = Debug;
		};
		BCD920341C6BA6AC0089F52A /* Release */ = {
			isa = XCBuildConfiguration;
			buildSettings = {
				BUNDLE_LOADER = "$(TEST_HOST)";
				INFOPLIST_FILE = CurrencyTests/Info.plist;
				LD_RUNPATH_SEARCH_PATHS = "$(inherited) @executable_path/Frameworks @loader_path/Frameworks";
				PRODUCT_BUNDLE_IDENTIFIER = com.nunocoelhosantos.CurrencyTests;
				PRODUCT_NAME = "$(TARGET_NAME)";
				TEST_HOST = "$(BUILT_PRODUCTS_DIR)/Currency.app/Currency";
			};
			name = Release;
		};
		BCD920361C6BA6AC0089F52A /* Debug */ = {
			isa = XCBuildConfiguration;
			buildSettings = {
				INFOPLIST_FILE = CurrencyUITests/Info.plist;
				LD_RUNPATH_SEARCH_PATHS = "$(inherited) @executable_path/Frameworks @loader_path/Frameworks";
				PRODUCT_BUNDLE_IDENTIFIER = com.nunocoelhosantos.CurrencyUITests;
				PRODUCT_NAME = "$(TARGET_NAME)";
				TEST_TARGET_NAME = Currency;
				USES_XCTRUNNER = YES;
			};
			name = Debug;
		};
		BCD920371C6BA6AC0089F52A /* Release */ = {
			isa = XCBuildConfiguration;
			buildSettings = {
				INFOPLIST_FILE = CurrencyUITests/Info.plist;
				LD_RUNPATH_SEARCH_PATHS = "$(inherited) @executable_path/Frameworks @loader_path/Frameworks";
				PRODUCT_BUNDLE_IDENTIFIER = com.nunocoelhosantos.CurrencyUITests;
				PRODUCT_NAME = "$(TARGET_NAME)";
				TEST_TARGET_NAME = Currency;
				USES_XCTRUNNER = YES;
			};
			name = Release;
		};
/* End XCBuildConfiguration section */

/* Begin XCConfigurationList section */
		BCD91FFF1C6BA6AC0089F52A /* Build configuration list for PBXProject "Currency" */ = {
			isa = XCConfigurationList;
			buildConfigurations = (
				BCD9202D1C6BA6AC0089F52A /* Debug */,
				BCD9202E1C6BA6AC0089F52A /* Release */,
			);
			defaultConfigurationIsVisible = 0;
			defaultConfigurationName = Release;
		};
		BCD9202F1C6BA6AC0089F52A /* Build configuration list for PBXNativeTarget "Currency" */ = {
			isa = XCConfigurationList;
			buildConfigurations = (
				BCD920301C6BA6AC0089F52A /* Debug */,
				BCD920311C6BA6AC0089F52A /* Release */,
			);
			defaultConfigurationIsVisible = 0;
			defaultConfigurationName = Release;
		};
		BCD920321C6BA6AC0089F52A /* Build configuration list for PBXNativeTarget "CurrencyTests" */ = {
			isa = XCConfigurationList;
			buildConfigurations = (
				BCD920331C6BA6AC0089F52A /* Debug */,
				BCD920341C6BA6AC0089F52A /* Release */,
			);
			defaultConfigurationIsVisible = 0;
			defaultConfigurationName = Release;
		};
		BCD920351C6BA6AC0089F52A /* Build configuration list for PBXNativeTarget "CurrencyUITests" */ = {
			isa = XCConfigurationList;
			buildConfigurations = (
				BCD920361C6BA6AC0089F52A /* Debug */,
				BCD920371C6BA6AC0089F52A /* Release */,
			);
			defaultConfigurationIsVisible = 0;
			defaultConfigurationName = Release;
		};
/* End XCConfigurationList section */

/* Begin XCVersionGroup section */
		BCD9200E1C6BA6AC0089F52A /* Currency.xcdatamodeld */ = {
			isa = XCVersionGroup;
			children = (
				BCD9200F1C6BA6AC0089F52A /* Currency.xcdatamodel */,
			);
			currentVersion = BCD9200F1C6BA6AC0089F52A /* Currency.xcdatamodel */;
			path = Currency.xcdatamodeld;
			sourceTree = "<group>";
			versionGroupType = wrapper.xcdatamodel;
		};
/* End XCVersionGroup section */
	};
	rootObject = BCD91FFC1C6BA6AC0089F52A /* Project object */;
}
