// !$*UTF8*$!
{
	archiveVersion = 1;
	classes = {
	};
	objectVersion = 46;
	objects = {

/* Begin PBXBuildFile section */
		0F571620F43A933512A59C36 /* Pods.framework in Frameworks */ = {isa = PBXBuildFile; fileRef = 8433CA71619EB07E2995B7D5 /* Pods.framework */; };
		BC5969F41CCB4EFF003C25FD /* CalculatorAddButton.swift in Sources */ = {isa = PBXBuildFile; fileRef = BC5969EE1CCB4EFF003C25FD /* CalculatorAddButton.swift */; };
		BC5969F61CCB4EFF003C25FD /* CalculatorKeypadView.swift in Sources */ = {isa = PBXBuildFile; fileRef = BC5969F01CCB4EFF003C25FD /* CalculatorKeypadView.swift */; };
		BC5969F71CCB4EFF003C25FD /* CalculatorResultButton.swift in Sources */ = {isa = PBXBuildFile; fileRef = BC5969F11CCB4EFF003C25FD /* CalculatorResultButton.swift */; };
		BC5969F81CCB4EFF003C25FD /* CalculatorSubtractButton.swift in Sources */ = {isa = PBXBuildFile; fileRef = BC5969F21CCB4EFF003C25FD /* CalculatorSubtractButton.swift */; };
		BC5969F91CCB4EFF003C25FD /* CalculatorSwitchButton.swift in Sources */ = {isa = PBXBuildFile; fileRef = BC5969F31CCB4EFF003C25FD /* CalculatorSwitchButton.swift */; };
		BC5969FD1CCB4F0B003C25FD /* Calculator.swift in Sources */ = {isa = PBXBuildFile; fileRef = BC5969FA1CCB4F0B003C25FD /* Calculator.swift */; };
		BC5969FE1CCB4F0B003C25FD /* Coin.swift in Sources */ = {isa = PBXBuildFile; fileRef = BC5969FB1CCB4F0B003C25FD /* Coin.swift */; };
		BC5969FF1CCB4F0B003C25FD /* Converter.swift in Sources */ = {isa = PBXBuildFile; fileRef = BC5969FC1CCB4F0B003C25FD /* Converter.swift */; };
		BC596A031CCB4F4F003C25FD /* ChangeCurrencyViewController.swift in Sources */ = {isa = PBXBuildFile; fileRef = BC596A011CCB4F4F003C25FD /* ChangeCurrencyViewController.swift */; };
		BC596A041CCB4F4F003C25FD /* MainViewController.swift in Sources */ = {isa = PBXBuildFile; fileRef = BC596A021CCB4F4F003C25FD /* MainViewController.swift */; };
		BC6B29C01C8AAD780011CCAE /* Currency.swift in Sources */ = {isa = PBXBuildFile; fileRef = BC6B29BE1C8AAD780011CCAE /* Currency.swift */; };
		BC8B3CB91C954E250017CC1C /* buttonAddBackground.png in Resources */ = {isa = PBXBuildFile; fileRef = BC8B3C951C954E250017CC1C /* buttonAddBackground.png */; };
		BC8B3CBA1C954E250017CC1C /* buttonAddBackground@2x.png in Resources */ = {isa = PBXBuildFile; fileRef = BC8B3C961C954E250017CC1C /* buttonAddBackground@2x.png */; };
		BC8B3CBB1C954E250017CC1C /* buttonAddBackground@3x.png in Resources */ = {isa = PBXBuildFile; fileRef = BC8B3C971C954E250017CC1C /* buttonAddBackground@3x.png */; };
		BC8B3CBC1C954E250017CC1C /* buttonAddIcon.png in Resources */ = {isa = PBXBuildFile; fileRef = BC8B3C981C954E250017CC1C /* buttonAddIcon.png */; };
		BC8B3CBD1C954E250017CC1C /* buttonAddIcon@2x.png in Resources */ = {isa = PBXBuildFile; fileRef = BC8B3C991C954E250017CC1C /* buttonAddIcon@2x.png */; };
		BC8B3CBE1C954E250017CC1C /* buttonAddIcon@3x.png in Resources */ = {isa = PBXBuildFile; fileRef = BC8B3C9A1C954E250017CC1C /* buttonAddIcon@3x.png */; };
		BC8B3CBF1C954E250017CC1C /* buttonAddIconHighlighted.png in Resources */ = {isa = PBXBuildFile; fileRef = BC8B3C9B1C954E250017CC1C /* buttonAddIconHighlighted.png */; };
		BC8B3CC01C954E250017CC1C /* buttonAddIconHighlighted@2x.png in Resources */ = {isa = PBXBuildFile; fileRef = BC8B3C9C1C954E250017CC1C /* buttonAddIconHighlighted@2x.png */; };
		BC8B3CC11C954E250017CC1C /* buttonAddIconHighlighted@3x.png in Resources */ = {isa = PBXBuildFile; fileRef = BC8B3C9D1C954E250017CC1C /* buttonAddIconHighlighted@3x.png */; };
		BC8B3CC21C954E250017CC1C /* buttonResultBackground.png in Resources */ = {isa = PBXBuildFile; fileRef = BC8B3C9E1C954E250017CC1C /* buttonResultBackground.png */; };
		BC8B3CC31C954E250017CC1C /* buttonResultBackground@2x.png in Resources */ = {isa = PBXBuildFile; fileRef = BC8B3C9F1C954E250017CC1C /* buttonResultBackground@2x.png */; };
		BC8B3CC41C954E250017CC1C /* buttonResultBackground@3x.png in Resources */ = {isa = PBXBuildFile; fileRef = BC8B3CA01C954E250017CC1C /* buttonResultBackground@3x.png */; };
		BC8B3CC51C954E250017CC1C /* buttonResultIcon.png in Resources */ = {isa = PBXBuildFile; fileRef = BC8B3CA11C954E250017CC1C /* buttonResultIcon.png */; };
		BC8B3CC61C954E250017CC1C /* buttonResultIcon@2x.png in Resources */ = {isa = PBXBuildFile; fileRef = BC8B3CA21C954E250017CC1C /* buttonResultIcon@2x.png */; };
		BC8B3CC71C954E250017CC1C /* buttonResultIcon@3x.png in Resources */ = {isa = PBXBuildFile; fileRef = BC8B3CA31C954E250017CC1C /* buttonResultIcon@3x.png */; };
		BC8B3CC81C954E250017CC1C /* buttonResultIconHighlighted.png in Resources */ = {isa = PBXBuildFile; fileRef = BC8B3CA41C954E250017CC1C /* buttonResultIconHighlighted.png */; };
		BC8B3CC91C954E250017CC1C /* buttonResultIconHighlighted@2x.png in Resources */ = {isa = PBXBuildFile; fileRef = BC8B3CA51C954E250017CC1C /* buttonResultIconHighlighted@2x.png */; };
		BC8B3CCA1C954E250017CC1C /* buttonResultIconHighlighted@3x.png in Resources */ = {isa = PBXBuildFile; fileRef = BC8B3CA61C954E250017CC1C /* buttonResultIconHighlighted@3x.png */; };
		BC8B3CCB1C954E250017CC1C /* buttonSubtractBackground.png in Resources */ = {isa = PBXBuildFile; fileRef = BC8B3CA71C954E250017CC1C /* buttonSubtractBackground.png */; };
		BC8B3CCC1C954E250017CC1C /* buttonSubtractBackground@2x.png in Resources */ = {isa = PBXBuildFile; fileRef = BC8B3CA81C954E250017CC1C /* buttonSubtractBackground@2x.png */; };
		BC8B3CCD1C954E250017CC1C /* buttonSubtractBackground@3x.png in Resources */ = {isa = PBXBuildFile; fileRef = BC8B3CA91C954E250017CC1C /* buttonSubtractBackground@3x.png */; };
		BC8B3CCE1C954E250017CC1C /* buttonSubtractIcon.png in Resources */ = {isa = PBXBuildFile; fileRef = BC8B3CAA1C954E250017CC1C /* buttonSubtractIcon.png */; };
		BC8B3CCF1C954E250017CC1C /* buttonSubtractIcon@2x.png in Resources */ = {isa = PBXBuildFile; fileRef = BC8B3CAB1C954E250017CC1C /* buttonSubtractIcon@2x.png */; };
		BC8B3CD01C954E250017CC1C /* buttonSubtractIcon@3x.png in Resources */ = {isa = PBXBuildFile; fileRef = BC8B3CAC1C954E250017CC1C /* buttonSubtractIcon@3x.png */; };
		BC8B3CD11C954E250017CC1C /* buttonSubtractIconHighlighted.png in Resources */ = {isa = PBXBuildFile; fileRef = BC8B3CAD1C954E250017CC1C /* buttonSubtractIconHighlighted.png */; };
		BC8B3CD21C954E250017CC1C /* buttonSubtractIconHighlighted@2x.png in Resources */ = {isa = PBXBuildFile; fileRef = BC8B3CAE1C954E250017CC1C /* buttonSubtractIconHighlighted@2x.png */; };
		BC8B3CD31C954E250017CC1C /* buttonSubtractIconHighlighted@3x.png in Resources */ = {isa = PBXBuildFile; fileRef = BC8B3CAF1C954E250017CC1C /* buttonSubtractIconHighlighted@3x.png */; };
		BC8B3CD41C954E250017CC1C /* buttonSwitchBackground.png in Resources */ = {isa = PBXBuildFile; fileRef = BC8B3CB01C954E250017CC1C /* buttonSwitchBackground.png */; };
		BC8B3CD51C954E250017CC1C /* buttonSwitchBackground@2x.png in Resources */ = {isa = PBXBuildFile; fileRef = BC8B3CB11C954E250017CC1C /* buttonSwitchBackground@2x.png */; };
		BC8B3CD61C954E250017CC1C /* buttonSwitchBackground@3x.png in Resources */ = {isa = PBXBuildFile; fileRef = BC8B3CB21C954E250017CC1C /* buttonSwitchBackground@3x.png */; };
		BC8B3CD71C954E250017CC1C /* buttonSwitchIcon.png in Resources */ = {isa = PBXBuildFile; fileRef = BC8B3CB31C954E250017CC1C /* buttonSwitchIcon.png */; };
		BC8B3CD81C954E250017CC1C /* buttonSwitchIcon@2x.png in Resources */ = {isa = PBXBuildFile; fileRef = BC8B3CB41C954E250017CC1C /* buttonSwitchIcon@2x.png */; };
		BC8B3CD91C954E250017CC1C /* buttonSwitchIcon@3x.png in Resources */ = {isa = PBXBuildFile; fileRef = BC8B3CB51C954E250017CC1C /* buttonSwitchIcon@3x.png */; };
		BC8B3CDA1C954E250017CC1C /* buttonSwitchIconHighlighted.png in Resources */ = {isa = PBXBuildFile; fileRef = BC8B3CB61C954E250017CC1C /* buttonSwitchIconHighlighted.png */; };
		BC8B3CDB1C954E250017CC1C /* buttonSwitchIconHighlighted@2x.png in Resources */ = {isa = PBXBuildFile; fileRef = BC8B3CB71C954E250017CC1C /* buttonSwitchIconHighlighted@2x.png */; };
		BC8B3CDC1C954E250017CC1C /* buttonSwitchIconHighlighted@3x.png in Resources */ = {isa = PBXBuildFile; fileRef = BC8B3CB81C954E250017CC1C /* buttonSwitchIconHighlighted@3x.png */; };
		BC94BB121C8B1CD900F9716D /* InitialCurrencyDatabase.sqlite in Resources */ = {isa = PBXBuildFile; fileRef = BC94BB0F1C8B1CCA00F9716D /* InitialCurrencyDatabase.sqlite */; };
		BC94BB131C8B1CD900F9716D /* InitialCurrencyDatabase.sqlite-shm in Resources */ = {isa = PBXBuildFile; fileRef = BC94BB101C8B1CCA00F9716D /* InitialCurrencyDatabase.sqlite-shm */; };
		BC94BB141C8B1CD900F9716D /* InitialCurrencyDatabase.sqlite-wal in Resources */ = {isa = PBXBuildFile; fileRef = BC94BB111C8B1CCA00F9716D /* InitialCurrencyDatabase.sqlite-wal */; };
		BCAADB201CD2339300F360F8 /* buttonAddIconDimmed.png in Resources */ = {isa = PBXBuildFile; fileRef = BCAADB141CD2339300F360F8 /* buttonAddIconDimmed.png */; };
		BCAADB211CD2339300F360F8 /* buttonAddIconDimmed@2x.png in Resources */ = {isa = PBXBuildFile; fileRef = BCAADB151CD2339300F360F8 /* buttonAddIconDimmed@2x.png */; };
		BCAADB221CD2339300F360F8 /* buttonAddIconDimmed@3x.png in Resources */ = {isa = PBXBuildFile; fileRef = BCAADB161CD2339300F360F8 /* buttonAddIconDimmed@3x.png */; };
		BCAADB231CD2339300F360F8 /* buttonResultIconDimmed.png in Resources */ = {isa = PBXBuildFile; fileRef = BCAADB171CD2339300F360F8 /* buttonResultIconDimmed.png */; };
		BCAADB241CD2339300F360F8 /* buttonResultIconDimmed@2x.png in Resources */ = {isa = PBXBuildFile; fileRef = BCAADB181CD2339300F360F8 /* buttonResultIconDimmed@2x.png */; };
		BCAADB251CD2339300F360F8 /* buttonResultIconDimmed@3x.png in Resources */ = {isa = PBXBuildFile; fileRef = BCAADB191CD2339300F360F8 /* buttonResultIconDimmed@3x.png */; };
		BCAADB261CD2339300F360F8 /* buttonSubtractIconDimmed.png in Resources */ = {isa = PBXBuildFile; fileRef = BCAADB1A1CD2339300F360F8 /* buttonSubtractIconDimmed.png */; };
		BCAADB271CD2339300F360F8 /* buttonSubtractIconDimmed@2x.png in Resources */ = {isa = PBXBuildFile; fileRef = BCAADB1B1CD2339300F360F8 /* buttonSubtractIconDimmed@2x.png */; };
		BCAADB281CD2339300F360F8 /* buttonSubtractIconDimmed@3x.png in Resources */ = {isa = PBXBuildFile; fileRef = BCAADB1C1CD2339300F360F8 /* buttonSubtractIconDimmed@3x.png */; };
		BCAADB291CD2339300F360F8 /* buttonSwitchIconDimmed.png in Resources */ = {isa = PBXBuildFile; fileRef = BCAADB1D1CD2339300F360F8 /* buttonSwitchIconDimmed.png */; };
		BCAADB2A1CD2339300F360F8 /* buttonSwitchIconDimmed@2x.png in Resources */ = {isa = PBXBuildFile; fileRef = BCAADB1E1CD2339300F360F8 /* buttonSwitchIconDimmed@2x.png */; };
		BCAADB2B1CD2339300F360F8 /* buttonSwitchIconDimmed@3x.png in Resources */ = {isa = PBXBuildFile; fileRef = BCAADB1F1CD2339300F360F8 /* buttonSwitchIconDimmed@3x.png */; };
		BCD920081C6BA6AC0089F52A /* AppDelegate.swift in Sources */ = {isa = PBXBuildFile; fileRef = BCD920071C6BA6AC0089F52A /* AppDelegate.swift */; };
		BCD9200D1C6BA6AC0089F52A /* Main.storyboard in Resources */ = {isa = PBXBuildFile; fileRef = BCD9200B1C6BA6AC0089F52A /* Main.storyboard */; };
		BCD920101C6BA6AC0089F52A /* Currency.xcdatamodeld in Sources */ = {isa = PBXBuildFile; fileRef = BCD9200E1C6BA6AC0089F52A /* Currency.xcdatamodeld */; };
		BCD920121C6BA6AC0089F52A /* Assets.xcassets in Resources */ = {isa = PBXBuildFile; fileRef = BCD920111C6BA6AC0089F52A /* Assets.xcassets */; };
		BCD920201C6BA6AC0089F52A /* CurrencyTests.swift in Sources */ = {isa = PBXBuildFile; fileRef = BCD9201F1C6BA6AC0089F52A /* CurrencyTests.swift */; };
		BCD9202B1C6BA6AC0089F52A /* CurrencyUITests.swift in Sources */ = {isa = PBXBuildFile; fileRef = BCD9202A1C6BA6AC0089F52A /* CurrencyUITests.swift */; };
		BCE0A6641C81A4950093AC38 /* CalculatorButton.swift in Sources */ = {isa = PBXBuildFile; fileRef = BCE0A6611C81A4950093AC38 /* CalculatorButton.swift */; };
		BCFAE40F1C965D8B00DCE95D /* LaunchScreen.storyboard in Resources */ = {isa = PBXBuildFile; fileRef = BCFAE40E1C965D8B00DCE95D /* LaunchScreen.storyboard */; };
/* End PBXBuildFile section */

/* Begin PBXContainerItemProxy section */
		BCD9201C1C6BA6AC0089F52A /* PBXContainerItemProxy */ = {
			isa = PBXContainerItemProxy;
			containerPortal = BCD91FFC1C6BA6AC0089F52A /* Project object */;
			proxyType = 1;
			remoteGlobalIDString = BCD920031C6BA6AC0089F52A;
			remoteInfo = Currency;
		};
		BCD920271C6BA6AC0089F52A /* PBXContainerItemProxy */ = {
			isa = PBXContainerItemProxy;
			containerPortal = BCD91FFC1C6BA6AC0089F52A /* Project object */;
			proxyType = 1;
			remoteGlobalIDString = BCD920031C6BA6AC0089F52A;
			remoteInfo = Currency;
		};
/* End PBXContainerItemProxy section */

/* Begin PBXFileReference section */
		19EB43FCFC362B9564CD0798 /* Pods.debug.xcconfig */ = {isa = PBXFileReference; includeInIndex = 1; lastKnownFileType = text.xcconfig; name = Pods.debug.xcconfig; path = "Pods/Target Support Files/Pods/Pods.debug.xcconfig"; sourceTree = "<group>"; };
		64DBF81E56746D141A99F0FC /* Pods.release.xcconfig */ = {isa = PBXFileReference; includeInIndex = 1; lastKnownFileType = text.xcconfig; name = Pods.release.xcconfig; path = "Pods/Target Support Files/Pods/Pods.release.xcconfig"; sourceTree = "<group>"; };
		8433CA71619EB07E2995B7D5 /* Pods.framework */ = {isa = PBXFileReference; explicitFileType = wrapper.framework; includeInIndex = 0; path = Pods.framework; sourceTree = BUILT_PRODUCTS_DIR; };
		BC5969EE1CCB4EFF003C25FD /* CalculatorAddButton.swift */ = {isa = PBXFileReference; fileEncoding = 4; lastKnownFileType = sourcecode.swift; name = CalculatorAddButton.swift; path = "UI Classes/CalculatorAddButton.swift"; sourceTree = "<group>"; };
		BC5969F01CCB4EFF003C25FD /* CalculatorKeypadView.swift */ = {isa = PBXFileReference; fileEncoding = 4; lastKnownFileType = sourcecode.swift; name = CalculatorKeypadView.swift; path = "UI Classes/CalculatorKeypadView.swift"; sourceTree = "<group>"; };
		BC5969F11CCB4EFF003C25FD /* CalculatorResultButton.swift */ = {isa = PBXFileReference; fileEncoding = 4; lastKnownFileType = sourcecode.swift; name = CalculatorResultButton.swift; path = "UI Classes/CalculatorResultButton.swift"; sourceTree = "<group>"; };
		BC5969F21CCB4EFF003C25FD /* CalculatorSubtractButton.swift */ = {isa = PBXFileReference; fileEncoding = 4; lastKnownFileType = sourcecode.swift; name = CalculatorSubtractButton.swift; path = "UI Classes/CalculatorSubtractButton.swift"; sourceTree = "<group>"; };
		BC5969F31CCB4EFF003C25FD /* CalculatorSwitchButton.swift */ = {isa = PBXFileReference; fileEncoding = 4; lastKnownFileType = sourcecode.swift; name = CalculatorSwitchButton.swift; path = "UI Classes/CalculatorSwitchButton.swift"; sourceTree = "<group>"; };
		BC5969FA1CCB4F0B003C25FD /* Calculator.swift */ = {isa = PBXFileReference; fileEncoding = 4; lastKnownFileType = sourcecode.swift; name = Calculator.swift; path = Classes/Calculator.swift; sourceTree = "<group>"; };
		BC5969FB1CCB4F0B003C25FD /* Coin.swift */ = {isa = PBXFileReference; fileEncoding = 4; lastKnownFileType = sourcecode.swift; name = Coin.swift; path = Classes/Coin.swift; sourceTree = "<group>"; };
		BC5969FC1CCB4F0B003C25FD /* Converter.swift */ = {isa = PBXFileReference; fileEncoding = 4; lastKnownFileType = sourcecode.swift; name = Converter.swift; path = Classes/Converter.swift; sourceTree = "<group>"; };
		BC596A011CCB4F4F003C25FD /* ChangeCurrencyViewController.swift */ = {isa = PBXFileReference; fileEncoding = 4; lastKnownFileType = sourcecode.swift; name = ChangeCurrencyViewController.swift; path = "View Controllers/ChangeCurrencyViewController.swift"; sourceTree = "<group>"; };
		BC596A021CCB4F4F003C25FD /* MainViewController.swift */ = {isa = PBXFileReference; fileEncoding = 4; lastKnownFileType = sourcecode.swift; name = MainViewController.swift; path = "View Controllers/MainViewController.swift"; sourceTree = "<group>"; };
		BC6B29BE1C8AAD780011CCAE /* Currency.swift */ = {isa = PBXFileReference; fileEncoding = 4; lastKnownFileType = sourcecode.swift; name = Currency.swift; path = Models/Currency.swift; sourceTree = "<group>"; };
		BC83C9041C98FF8300C7C2D7 /* Currency 3.xcdatamodel */ = {isa = PBXFileReference; lastKnownFileType = wrapper.xcdatamodel; path = "Currency 3.xcdatamodel"; sourceTree = "<group>"; };
		BC864FB51C8F007E00A0D4AC /* Currency 2.xcdatamodel */ = {isa = PBXFileReference; lastKnownFileType = wrapper.xcdatamodel; path = "Currency 2.xcdatamodel"; sourceTree = "<group>"; };
		BC8B3C951C954E250017CC1C /* buttonAddBackground.png */ = {isa = PBXFileReference; lastKnownFileType = image.png; name = buttonAddBackground.png; path = Assets.xcassets/buttonAddBackground.png; sourceTree = "<group>"; };
		BC8B3C961C954E250017CC1C /* buttonAddBackground@2x.png */ = {isa = PBXFileReference; lastKnownFileType = image.png; name = "buttonAddBackground@2x.png"; path = "Assets.xcassets/buttonAddBackground@2x.png"; sourceTree = "<group>"; };
		BC8B3C971C954E250017CC1C /* buttonAddBackground@3x.png */ = {isa = PBXFileReference; lastKnownFileType = image.png; name = "buttonAddBackground@3x.png"; path = "Assets.xcassets/buttonAddBackground@3x.png"; sourceTree = "<group>"; };
		BC8B3C981C954E250017CC1C /* buttonAddIcon.png */ = {isa = PBXFileReference; lastKnownFileType = image.png; name = buttonAddIcon.png; path = Assets.xcassets/buttonAddIcon.png; sourceTree = "<group>"; };
		BC8B3C991C954E250017CC1C /* buttonAddIcon@2x.png */ = {isa = PBXFileReference; lastKnownFileType = image.png; name = "buttonAddIcon@2x.png"; path = "Assets.xcassets/buttonAddIcon@2x.png"; sourceTree = "<group>"; };
		BC8B3C9A1C954E250017CC1C /* buttonAddIcon@3x.png */ = {isa = PBXFileReference; lastKnownFileType = image.png; name = "buttonAddIcon@3x.png"; path = "Assets.xcassets/buttonAddIcon@3x.png"; sourceTree = "<group>"; };
		BC8B3C9B1C954E250017CC1C /* buttonAddIconHighlighted.png */ = {isa = PBXFileReference; lastKnownFileType = image.png; name = buttonAddIconHighlighted.png; path = Assets.xcassets/buttonAddIconHighlighted.png; sourceTree = "<group>"; };
		BC8B3C9C1C954E250017CC1C /* buttonAddIconHighlighted@2x.png */ = {isa = PBXFileReference; lastKnownFileType = image.png; name = "buttonAddIconHighlighted@2x.png"; path = "Assets.xcassets/buttonAddIconHighlighted@2x.png"; sourceTree = "<group>"; };
		BC8B3C9D1C954E250017CC1C /* buttonAddIconHighlighted@3x.png */ = {isa = PBXFileReference; lastKnownFileType = image.png; name = "buttonAddIconHighlighted@3x.png"; path = "Assets.xcassets/buttonAddIconHighlighted@3x.png"; sourceTree = "<group>"; };
		BC8B3C9E1C954E250017CC1C /* buttonResultBackground.png */ = {isa = PBXFileReference; lastKnownFileType = image.png; name = buttonResultBackground.png; path = Assets.xcassets/buttonResultBackground.png; sourceTree = "<group>"; };
		BC8B3C9F1C954E250017CC1C /* buttonResultBackground@2x.png */ = {isa = PBXFileReference; lastKnownFileType = image.png; name = "buttonResultBackground@2x.png"; path = "Assets.xcassets/buttonResultBackground@2x.png"; sourceTree = "<group>"; };
		BC8B3CA01C954E250017CC1C /* buttonResultBackground@3x.png */ = {isa = PBXFileReference; lastKnownFileType = image.png; name = "buttonResultBackground@3x.png"; path = "Assets.xcassets/buttonResultBackground@3x.png"; sourceTree = "<group>"; };
		BC8B3CA11C954E250017CC1C /* buttonResultIcon.png */ = {isa = PBXFileReference; lastKnownFileType = image.png; name = buttonResultIcon.png; path = Assets.xcassets/buttonResultIcon.png; sourceTree = "<group>"; };
		BC8B3CA21C954E250017CC1C /* buttonResultIcon@2x.png */ = {isa = PBXFileReference; lastKnownFileType = image.png; name = "buttonResultIcon@2x.png"; path = "Assets.xcassets/buttonResultIcon@2x.png"; sourceTree = "<group>"; };
		BC8B3CA31C954E250017CC1C /* buttonResultIcon@3x.png */ = {isa = PBXFileReference; lastKnownFileType = image.png; name = "buttonResultIcon@3x.png"; path = "Assets.xcassets/buttonResultIcon@3x.png"; sourceTree = "<group>"; };
		BC8B3CA41C954E250017CC1C /* buttonResultIconHighlighted.png */ = {isa = PBXFileReference; lastKnownFileType = image.png; name = buttonResultIconHighlighted.png; path = Assets.xcassets/buttonResultIconHighlighted.png; sourceTree = "<group>"; };
		BC8B3CA51C954E250017CC1C /* buttonResultIconHighlighted@2x.png */ = {isa = PBXFileReference; lastKnownFileType = image.png; name = "buttonResultIconHighlighted@2x.png"; path = "Assets.xcassets/buttonResultIconHighlighted@2x.png"; sourceTree = "<group>"; };
		BC8B3CA61C954E250017CC1C /* buttonResultIconHighlighted@3x.png */ = {isa = PBXFileReference; lastKnownFileType = image.png; name = "buttonResultIconHighlighted@3x.png"; path = "Assets.xcassets/buttonResultIconHighlighted@3x.png"; sourceTree = "<group>"; };
		BC8B3CA71C954E250017CC1C /* buttonSubtractBackground.png */ = {isa = PBXFileReference; lastKnownFileType = image.png; name = buttonSubtractBackground.png; path = Assets.xcassets/buttonSubtractBackground.png; sourceTree = "<group>"; };
		BC8B3CA81C954E250017CC1C /* buttonSubtractBackground@2x.png */ = {isa = PBXFileReference; lastKnownFileType = image.png; name = "buttonSubtractBackground@2x.png"; path = "Assets.xcassets/buttonSubtractBackground@2x.png"; sourceTree = "<group>"; };
		BC8B3CA91C954E250017CC1C /* buttonSubtractBackground@3x.png */ = {isa = PBXFileReference; lastKnownFileType = image.png; name = "buttonSubtractBackground@3x.png"; path = "Assets.xcassets/buttonSubtractBackground@3x.png"; sourceTree = "<group>"; };
		BC8B3CAA1C954E250017CC1C /* buttonSubtractIcon.png */ = {isa = PBXFileReference; lastKnownFileType = image.png; name = buttonSubtractIcon.png; path = Assets.xcassets/buttonSubtractIcon.png; sourceTree = "<group>"; };
		BC8B3CAB1C954E250017CC1C /* buttonSubtractIcon@2x.png */ = {isa = PBXFileReference; lastKnownFileType = image.png; name = "buttonSubtractIcon@2x.png"; path = "Assets.xcassets/buttonSubtractIcon@2x.png"; sourceTree = "<group>"; };
		BC8B3CAC1C954E250017CC1C /* buttonSubtractIcon@3x.png */ = {isa = PBXFileReference; lastKnownFileType = image.png; name = "buttonSubtractIcon@3x.png"; path = "Assets.xcassets/buttonSubtractIcon@3x.png"; sourceTree = "<group>"; };
		BC8B3CAD1C954E250017CC1C /* buttonSubtractIconHighlighted.png */ = {isa = PBXFileReference; lastKnownFileType = image.png; name = buttonSubtractIconHighlighted.png; path = Assets.xcassets/buttonSubtractIconHighlighted.png; sourceTree = "<group>"; };
		BC8B3CAE1C954E250017CC1C /* buttonSubtractIconHighlighted@2x.png */ = {isa = PBXFileReference; lastKnownFileType = image.png; name = "buttonSubtractIconHighlighted@2x.png"; path = "Assets.xcassets/buttonSubtractIconHighlighted@2x.png"; sourceTree = "<group>"; };
		BC8B3CAF1C954E250017CC1C /* buttonSubtractIconHighlighted@3x.png */ = {isa = PBXFileReference; lastKnownFileType = image.png; name = "buttonSubtractIconHighlighted@3x.png"; path = "Assets.xcassets/buttonSubtractIconHighlighted@3x.png"; sourceTree = "<group>"; };
		BC8B3CB01C954E250017CC1C /* buttonSwitchBackground.png */ = {isa = PBXFileReference; lastKnownFileType = image.png; name = buttonSwitchBackground.png; path = Assets.xcassets/buttonSwitchBackground.png; sourceTree = "<group>"; };
		BC8B3CB11C954E250017CC1C /* buttonSwitchBackground@2x.png */ = {isa = PBXFileReference; lastKnownFileType = image.png; name = "buttonSwitchBackground@2x.png"; path = "Assets.xcassets/buttonSwitchBackground@2x.png"; sourceTree = "<group>"; };
		BC8B3CB21C954E250017CC1C /* buttonSwitchBackground@3x.png */ = {isa = PBXFileReference; lastKnownFileType = image.png; name = "buttonSwitchBackground@3x.png"; path = "Assets.xcassets/buttonSwitchBackground@3x.png"; sourceTree = "<group>"; };
		BC8B3CB31C954E250017CC1C /* buttonSwitchIcon.png */ = {isa = PBXFileReference; lastKnownFileType = image.png; name = buttonSwitchIcon.png; path = Assets.xcassets/buttonSwitchIcon.png; sourceTree = "<group>"; };
		BC8B3CB41C954E250017CC1C /* buttonSwitchIcon@2x.png */ = {isa = PBXFileReference; lastKnownFileType = image.png; name = "buttonSwitchIcon@2x.png"; path = "Assets.xcassets/buttonSwitchIcon@2x.png"; sourceTree = "<group>"; };
		BC8B3CB51C954E250017CC1C /* buttonSwitchIcon@3x.png */ = {isa = PBXFileReference; lastKnownFileType = image.png; name = "buttonSwitchIcon@3x.png"; path = "Assets.xcassets/buttonSwitchIcon@3x.png"; sourceTree = "<group>"; };
		BC8B3CB61C954E250017CC1C /* buttonSwitchIconHighlighted.png */ = {isa = PBXFileReference; lastKnownFileType = image.png; name = buttonSwitchIconHighlighted.png; path = Assets.xcassets/buttonSwitchIconHighlighted.png; sourceTree = "<group>"; };
		BC8B3CB71C954E250017CC1C /* buttonSwitchIconHighlighted@2x.png */ = {isa = PBXFileReference; lastKnownFileType = image.png; name = "buttonSwitchIconHighlighted@2x.png"; path = "Assets.xcassets/buttonSwitchIconHighlighted@2x.png"; sourceTree = "<group>"; };
		BC8B3CB81C954E250017CC1C /* buttonSwitchIconHighlighted@3x.png */ = {isa = PBXFileReference; lastKnownFileType = image.png; name = "buttonSwitchIconHighlighted@3x.png"; path = "Assets.xcassets/buttonSwitchIconHighlighted@3x.png"; sourceTree = "<group>"; };
		BC94BB0F1C8B1CCA00F9716D /* InitialCurrencyDatabase.sqlite */ = {isa = PBXFileReference; lastKnownFileType = file; name = InitialCurrencyDatabase.sqlite; path = Databases/InitialCurrencyDatabase.sqlite; sourceTree = "<group>"; };
		BC94BB101C8B1CCA00F9716D /* InitialCurrencyDatabase.sqlite-shm */ = {isa = PBXFileReference; lastKnownFileType = file; name = "InitialCurrencyDatabase.sqlite-shm"; path = "Databases/InitialCurrencyDatabase.sqlite-shm"; sourceTree = "<group>"; };
		BC94BB111C8B1CCA00F9716D /* InitialCurrencyDatabase.sqlite-wal */ = {isa = PBXFileReference; lastKnownFileType = file; name = "InitialCurrencyDatabase.sqlite-wal"; path = "Databases/InitialCurrencyDatabase.sqlite-wal"; sourceTree = "<group>"; };
		BCAADB141CD2339300F360F8 /* buttonAddIconDimmed.png */ = {isa = PBXFileReference; lastKnownFileType = image.png; name = buttonAddIconDimmed.png; path = Assets.xcassets/buttonAddIconDimmed.png; sourceTree = "<group>"; };
		BCAADB151CD2339300F360F8 /* buttonAddIconDimmed@2x.png */ = {isa = PBXFileReference; lastKnownFileType = image.png; name = "buttonAddIconDimmed@2x.png"; path = "Assets.xcassets/buttonAddIconDimmed@2x.png"; sourceTree = "<group>"; };
		BCAADB161CD2339300F360F8 /* buttonAddIconDimmed@3x.png */ = {isa = PBXFileReference; lastKnownFileType = image.png; name = "buttonAddIconDimmed@3x.png"; path = "Assets.xcassets/buttonAddIconDimmed@3x.png"; sourceTree = "<group>"; };
		BCAADB171CD2339300F360F8 /* buttonResultIconDimmed.png */ = {isa = PBXFileReference; lastKnownFileType = image.png; name = buttonResultIconDimmed.png; path = Assets.xcassets/buttonResultIconDimmed.png; sourceTree = "<group>"; };
		BCAADB181CD2339300F360F8 /* buttonResultIconDimmed@2x.png */ = {isa = PBXFileReference; lastKnownFileType = image.png; name = "buttonResultIconDimmed@2x.png"; path = "Assets.xcassets/buttonResultIconDimmed@2x.png"; sourceTree = "<group>"; };
		BCAADB191CD2339300F360F8 /* buttonResultIconDimmed@3x.png */ = {isa = PBXFileReference; lastKnownFileType = image.png; name = "buttonResultIconDimmed@3x.png"; path = "Assets.xcassets/buttonResultIconDimmed@3x.png"; sourceTree = "<group>"; };
		BCAADB1A1CD2339300F360F8 /* buttonSubtractIconDimmed.png */ = {isa = PBXFileReference; lastKnownFileType = image.png; name = buttonSubtractIconDimmed.png; path = Assets.xcassets/buttonSubtractIconDimmed.png; sourceTree = "<group>"; };
		BCAADB1B1CD2339300F360F8 /* buttonSubtractIconDimmed@2x.png */ = {isa = PBXFileReference; lastKnownFileType = image.png; name = "buttonSubtractIconDimmed@2x.png"; path = "Assets.xcassets/buttonSubtractIconDimmed@2x.png"; sourceTree = "<group>"; };
		BCAADB1C1CD2339300F360F8 /* buttonSubtractIconDimmed@3x.png */ = {isa = PBXFileReference; lastKnownFileType = image.png; name = "buttonSubtractIconDimmed@3x.png"; path = "Assets.xcassets/buttonSubtractIconDimmed@3x.png"; sourceTree = "<group>"; };
		BCAADB1D1CD2339300F360F8 /* buttonSwitchIconDimmed.png */ = {isa = PBXFileReference; lastKnownFileType = image.png; name = buttonSwitchIconDimmed.png; path = Assets.xcassets/buttonSwitchIconDimmed.png; sourceTree = "<group>"; };
		BCAADB1E1CD2339300F360F8 /* buttonSwitchIconDimmed@2x.png */ = {isa = PBXFileReference; lastKnownFileType = image.png; name = "buttonSwitchIconDimmed@2x.png"; path = "Assets.xcassets/buttonSwitchIconDimmed@2x.png"; sourceTree = "<group>"; };
		BCAADB1F1CD2339300F360F8 /* buttonSwitchIconDimmed@3x.png */ = {isa = PBXFileReference; lastKnownFileType = image.png; name = "buttonSwitchIconDimmed@3x.png"; path = "Assets.xcassets/buttonSwitchIconDimmed@3x.png"; sourceTree = "<group>"; };
		BCD920041C6BA6AC0089F52A /* Currency.app */ = {isa = PBXFileReference; explicitFileType = wrapper.application; includeInIndex = 0; path = Currency.app; sourceTree = BUILT_PRODUCTS_DIR; };
		BCD920071C6BA6AC0089F52A /* AppDelegate.swift */ = {isa = PBXFileReference; lastKnownFileType = sourcecode.swift; path = AppDelegate.swift; sourceTree = "<group>"; };
		BCD9200C1C6BA6AC0089F52A /* Base */ = {isa = PBXFileReference; lastKnownFileType = file.storyboard; name = Base; path = Base.lproj/Main.storyboard; sourceTree = "<group>"; };
		BCD9200F1C6BA6AC0089F52A /* Currency.xcdatamodel */ = {isa = PBXFileReference; lastKnownFileType = wrapper.xcdatamodel; path = Currency.xcdatamodel; sourceTree = "<group>"; };
		BCD920111C6BA6AC0089F52A /* Assets.xcassets */ = {isa = PBXFileReference; lastKnownFileType = folder.assetcatalog; path = Assets.xcassets; sourceTree = "<group>"; };
		BCD920161C6BA6AC0089F52A /* Info.plist */ = {isa = PBXFileReference; lastKnownFileType = text.plist.xml; path = Info.plist; sourceTree = "<group>"; };
		BCD9201B1C6BA6AC0089F52A /* CurrencyTests.xctest */ = {isa = PBXFileReference; explicitFileType = wrapper.cfbundle; includeInIndex = 0; path = CurrencyTests.xctest; sourceTree = BUILT_PRODUCTS_DIR; };
		BCD9201F1C6BA6AC0089F52A /* CurrencyTests.swift */ = {isa = PBXFileReference; lastKnownFileType = sourcecode.swift; path = CurrencyTests.swift; sourceTree = "<group>"; };
		BCD920211C6BA6AC0089F52A /* Info.plist */ = {isa = PBXFileReference; lastKnownFileType = text.plist.xml; path = Info.plist; sourceTree = "<group>"; };
		BCD920261C6BA6AC0089F52A /* CurrencyUITests.xctest */ = {isa = PBXFileReference; explicitFileType = wrapper.cfbundle; includeInIndex = 0; path = CurrencyUITests.xctest; sourceTree = BUILT_PRODUCTS_DIR; };
		BCD9202A1C6BA6AC0089F52A /* CurrencyUITests.swift */ = {isa = PBXFileReference; lastKnownFileType = sourcecode.swift; path = CurrencyUITests.swift; sourceTree = "<group>"; };
		BCD9202C1C6BA6AC0089F52A /* Info.plist */ = {isa = PBXFileReference; lastKnownFileType = text.plist.xml; path = Info.plist; sourceTree = "<group>"; };
		BCE0A6611C81A4950093AC38 /* CalculatorButton.swift */ = {isa = PBXFileReference; fileEncoding = 4; lastKnownFileType = sourcecode.swift; name = CalculatorButton.swift; path = "UI Classes/CalculatorButton.swift"; sourceTree = "<group>"; };
		BCFAE40E1C965D8B00DCE95D /* LaunchScreen.storyboard */ = {isa = PBXFileReference; fileEncoding = 4; lastKnownFileType = file.storyboard; path = LaunchScreen.storyboard; sourceTree = "<group>"; };
/* End PBXFileReference section */

/* Begin PBXFrameworksBuildPhase section */
		BCD920011C6BA6AC0089F52A /* Frameworks */ = {
			isa = PBXFrameworksBuildPhase;
			buildActionMask = 2147483647;
			files = (
				0F571620F43A933512A59C36 /* Pods.framework in Frameworks */,
			);
			runOnlyForDeploymentPostprocessing = 0;
		};
		BCD920181C6BA6AC0089F52A /* Frameworks */ = {
			isa = PBXFrameworksBuildPhase;
			buildActionMask = 2147483647;
			files = (
			);
			runOnlyForDeploymentPostprocessing = 0;
		};
		BCD920231C6BA6AC0089F52A /* Frameworks */ = {
			isa = PBXFrameworksBuildPhase;
			buildActionMask = 2147483647;
			files = (
			);
			runOnlyForDeploymentPostprocessing = 0;
		};
/* End PBXFrameworksBuildPhase section */

/* Begin PBXGroup section */
		3728C01291D5DE01D30578B4 /* Pods */ = {
			isa = PBXGroup;
			children = (
				19EB43FCFC362B9564CD0798 /* Pods.debug.xcconfig */,
				64DBF81E56746D141A99F0FC /* Pods.release.xcconfig */,
			);
			name = Pods;
			sourceTree = "<group>";
		};
		BC596A001CCB4F43003C25FD /* View Controllers */ = {
			isa = PBXGroup;
			children = (
				BC596A011CCB4F4F003C25FD /* ChangeCurrencyViewController.swift */,
				BC596A021CCB4F4F003C25FD /* MainViewController.swift */,
			);
			name = "View Controllers";
			sourceTree = "<group>";
		};
		BC94BB0B1C8B1B9500F9716D /* Databases */ = {
			isa = PBXGroup;
			children = (
				BC94BB0F1C8B1CCA00F9716D /* InitialCurrencyDatabase.sqlite */,
				BC94BB101C8B1CCA00F9716D /* InitialCurrencyDatabase.sqlite-shm */,
				BC94BB111C8B1CCA00F9716D /* InitialCurrencyDatabase.sqlite-wal */,
			);
			name = Databases;
			path = Currency;
			sourceTree = "<group>";
		};
		BC9DB87B1C6C9A41001C9319 /* Assets */ = {
			isa = PBXGroup;
			children = (
				BC8B3C951C954E250017CC1C /* buttonAddBackground.png */,
				BC8B3C961C954E250017CC1C /* buttonAddBackground@2x.png */,
				BC8B3C971C954E250017CC1C /* buttonAddBackground@3x.png */,
				BC8B3C981C954E250017CC1C /* buttonAddIcon.png */,
				BC8B3C991C954E250017CC1C /* buttonAddIcon@2x.png */,
				BC8B3C9A1C954E250017CC1C /* buttonAddIcon@3x.png */,
				BC8B3C9B1C954E250017CC1C /* buttonAddIconHighlighted.png */,
				BCAADB141CD2339300F360F8 /* buttonAddIconDimmed.png */,
				BCAADB151CD2339300F360F8 /* buttonAddIconDimmed@2x.png */,
				BCAADB161CD2339300F360F8 /* buttonAddIconDimmed@3x.png */,
				BCAADB171CD2339300F360F8 /* buttonResultIconDimmed.png */,
				BCAADB181CD2339300F360F8 /* buttonResultIconDimmed@2x.png */,
				BCAADB191CD2339300F360F8 /* buttonResultIconDimmed@3x.png */,
				BCAADB1A1CD2339300F360F8 /* buttonSubtractIconDimmed.png */,
				BCAADB1B1CD2339300F360F8 /* buttonSubtractIconDimmed@2x.png */,
				BCAADB1C1CD2339300F360F8 /* buttonSubtractIconDimmed@3x.png */,
				BCAADB1D1CD2339300F360F8 /* buttonSwitchIconDimmed.png */,
				BCAADB1E1CD2339300F360F8 /* buttonSwitchIconDimmed@2x.png */,
				BCAADB1F1CD2339300F360F8 /* buttonSwitchIconDimmed@3x.png */,
				BC8B3C9C1C954E250017CC1C /* buttonAddIconHighlighted@2x.png */,
				BC8B3C9D1C954E250017CC1C /* buttonAddIconHighlighted@3x.png */,
				BC8B3C9E1C954E250017CC1C /* buttonResultBackground.png */,
				BC8B3C9F1C954E250017CC1C /* buttonResultBackground@2x.png */,
				BC8B3CA01C954E250017CC1C /* buttonResultBackground@3x.png */,
				BC8B3CA11C954E250017CC1C /* buttonResultIcon.png */,
				BC8B3CA21C954E250017CC1C /* buttonResultIcon@2x.png */,
				BC8B3CA31C954E250017CC1C /* buttonResultIcon@3x.png */,
				BC8B3CA41C954E250017CC1C /* buttonResultIconHighlighted.png */,
				BC8B3CA51C954E250017CC1C /* buttonResultIconHighlighted@2x.png */,
				BC8B3CA61C954E250017CC1C /* buttonResultIconHighlighted@3x.png */,
				BC8B3CA71C954E250017CC1C /* buttonSubtractBackground.png */,
				BC8B3CA81C954E250017CC1C /* buttonSubtractBackground@2x.png */,
				BC8B3CA91C954E250017CC1C /* buttonSubtractBackground@3x.png */,
				BC8B3CAA1C954E250017CC1C /* buttonSubtractIcon.png */,
				BC8B3CAB1C954E250017CC1C /* buttonSubtractIcon@2x.png */,
				BC8B3CAC1C954E250017CC1C /* buttonSubtractIcon@3x.png */,
				BC8B3CAD1C954E250017CC1C /* buttonSubtractIconHighlighted.png */,
				BC8B3CAE1C954E250017CC1C /* buttonSubtractIconHighlighted@2x.png */,
				BC8B3CAF1C954E250017CC1C /* buttonSubtractIconHighlighted@3x.png */,
				BC8B3CB01C954E250017CC1C /* buttonSwitchBackground.png */,
				BC8B3CB11C954E250017CC1C /* buttonSwitchBackground@2x.png */,
				BC8B3CB21C954E250017CC1C /* buttonSwitchBackground@3x.png */,
				BC8B3CB31C954E250017CC1C /* buttonSwitchIcon.png */,
				BC8B3CB41C954E250017CC1C /* buttonSwitchIcon@2x.png */,
				BC8B3CB51C954E250017CC1C /* buttonSwitchIcon@3x.png */,
				BC8B3CB61C954E250017CC1C /* buttonSwitchIconHighlighted.png */,
				BC8B3CB71C954E250017CC1C /* buttonSwitchIconHighlighted@2x.png */,
				BC8B3CB81C954E250017CC1C /* buttonSwitchIconHighlighted@3x.png */,
			);
			name = Assets;
			path = Currency;
			sourceTree = "<group>";
		};
		BCD26BF61C87D95B00523273 /* Classes */ = {
			isa = PBXGroup;
			children = (
				BC5969FA1CCB4F0B003C25FD /* Calculator.swift */,
				BC5969FB1CCB4F0B003C25FD /* Coin.swift */,
				BC5969FC1CCB4F0B003C25FD /* Converter.swift */,
			);
			name = Classes;
			sourceTree = "<group>";
		};
		BCD91FFB1C6BA6AC0089F52A = {
			isa = PBXGroup;
			children = (
				BC9DB87B1C6C9A41001C9319 /* Assets */,
				BC94BB0B1C8B1B9500F9716D /* Databases */,
				BCD920061C6BA6AC0089F52A /* Currency */,
				BCD9201E1C6BA6AC0089F52A /* CurrencyTests */,
				BCD920291C6BA6AC0089F52A /* CurrencyUITests */,
				BCE0A6531C81852E0093AC38 /* Frameworks */,
				BCD920051C6BA6AC0089F52A /* Products */,
				3728C01291D5DE01D30578B4 /* Pods */,
			);
			sourceTree = "<group>";
		};
		BCD920051C6BA6AC0089F52A /* Products */ = {
			isa = PBXGroup;
			children = (
				BCD920041C6BA6AC0089F52A /* Currency.app */,
				BCD9201B1C6BA6AC0089F52A /* CurrencyTests.xctest */,
				BCD920261C6BA6AC0089F52A /* CurrencyUITests.xctest */,
			);
			name = Products;
			sourceTree = "<group>";
		};
		BCD920061C6BA6AC0089F52A /* Currency */ = {
			isa = PBXGroup;
			children = (
				BCD920111C6BA6AC0089F52A /* Assets.xcassets */,
				BCD920071C6BA6AC0089F52A /* AppDelegate.swift */,
				BC596A001CCB4F43003C25FD /* View Controllers */,
				BCD26BF61C87D95B00523273 /* Classes */,
				BCE0A6551C8185CC0093AC38 /* UI Classes */,
				BCE0A6541C8185C10093AC38 /* Models */,
				BCD9200B1C6BA6AC0089F52A /* Main.storyboard */,
				BCFAE40E1C965D8B00DCE95D /* LaunchScreen.storyboard */,
				BCD920161C6BA6AC0089F52A /* Info.plist */,
				BCD9200E1C6BA6AC0089F52A /* Currency.xcdatamodeld */,
			);
			path = Currency;
			sourceTree = "<group>";
		};
		BCD9201E1C6BA6AC0089F52A /* CurrencyTests */ = {
			isa = PBXGroup;
			children = (
				BCD9201F1C6BA6AC0089F52A /* CurrencyTests.swift */,
				BCD920211C6BA6AC0089F52A /* Info.plist */,
			);
			path = CurrencyTests;
			sourceTree = "<group>";
		};
		BCD920291C6BA6AC0089F52A /* CurrencyUITests */ = {
			isa = PBXGroup;
			children = (
				BCD9202A1C6BA6AC0089F52A /* CurrencyUITests.swift */,
				BCD9202C1C6BA6AC0089F52A /* Info.plist */,
			);
			path = CurrencyUITests;
			sourceTree = "<group>";
		};
		BCE0A6531C81852E0093AC38 /* Frameworks */ = {
			isa = PBXGroup;
			children = (
				8433CA71619EB07E2995B7D5 /* Pods.framework */,
			);
			name = Frameworks;
			sourceTree = "<group>";
		};
		BCE0A6541C8185C10093AC38 /* Models */ = {
			isa = PBXGroup;
			children = (
				BC6B29BE1C8AAD780011CCAE /* Currency.swift */,
			);
			name = Models;
			sourceTree = "<group>";
		};
		BCE0A6551C8185CC0093AC38 /* UI Classes */ = {
			isa = PBXGroup;
			children = (
				BC5969EE1CCB4EFF003C25FD /* CalculatorAddButton.swift */,
				BCE0A6611C81A4950093AC38 /* CalculatorButton.swift */,
				BC5969F01CCB4EFF003C25FD /* CalculatorKeypadView.swift */,
				BC5969F11CCB4EFF003C25FD /* CalculatorResultButton.swift */,
				BC5969F21CCB4EFF003C25FD /* CalculatorSubtractButton.swift */,
				BC5969F31CCB4EFF003C25FD /* CalculatorSwitchButton.swift */,
			);
			name = "UI Classes";
			sourceTree = "<group>";
		};
/* End PBXGroup section */

/* Begin PBXNativeTarget section */
		BCD920031C6BA6AC0089F52A /* Currency */ = {
			isa = PBXNativeTarget;
			buildConfigurationList = BCD9202F1C6BA6AC0089F52A /* Build configuration list for PBXNativeTarget "Currency" */;
			buildPhases = (
				6D74FEE2594C7F22D5537CCE /* Check Pods Manifest.lock */,
				BCD920001C6BA6AC0089F52A /* Sources */,
				BCD920011C6BA6AC0089F52A /* Frameworks */,
				BCD920021C6BA6AC0089F52A /* Resources */,
				BCDED26B1C81813F0059E770 /* ShellScript */,
				4EF4BB9FE7746222C43E63AD /* Embed Pods Frameworks */,
				271F1C2D6DAF91FF57AF7133 /* Copy Pods Resources */,
			);
			buildRules = (
			);
			dependencies = (
			);
			name = Currency;
			productName = Currency;
			productReference = BCD920041C6BA6AC0089F52A /* Currency.app */;
			productType = "com.apple.product-type.application";
		};
		BCD9201A1C6BA6AC0089F52A /* CurrencyTests */ = {
			isa = PBXNativeTarget;
			buildConfigurationList = BCD920321C6BA6AC0089F52A /* Build configuration list for PBXNativeTarget "CurrencyTests" */;
			buildPhases = (
				BCD920171C6BA6AC0089F52A /* Sources */,
				BCD920181C6BA6AC0089F52A /* Frameworks */,
				BCD920191C6BA6AC0089F52A /* Resources */,
			);
			buildRules = (
			);
			dependencies = (
				BCD9201D1C6BA6AC0089F52A /* PBXTargetDependency */,
			);
			name = CurrencyTests;
			productName = CurrencyTests;
			productReference = BCD9201B1C6BA6AC0089F52A /* CurrencyTests.xctest */;
			productType = "com.apple.product-type.bundle.unit-test";
		};
		BCD920251C6BA6AC0089F52A /* CurrencyUITests */ = {
			isa = PBXNativeTarget;
			buildConfigurationList = BCD920351C6BA6AC0089F52A /* Build configuration list for PBXNativeTarget "CurrencyUITests" */;
			buildPhases = (
				BCD920221C6BA6AC0089F52A /* Sources */,
				BCD920231C6BA6AC0089F52A /* Frameworks */,
				BCD920241C6BA6AC0089F52A /* Resources */,
			);
			buildRules = (
			);
			dependencies = (
				BCD920281C6BA6AC0089F52A /* PBXTargetDependency */,
			);
			name = CurrencyUITests;
			productName = CurrencyUITests;
			productReference = BCD920261C6BA6AC0089F52A /* CurrencyUITests.xctest */;
			productType = "com.apple.product-type.bundle.ui-testing";
		};
/* End PBXNativeTarget section */

/* Begin PBXProject section */
		BCD91FFC1C6BA6AC0089F52A /* Project object */ = {
			isa = PBXProject;
			attributes = {
				KnownAssetTags = (
					inputCurrencyLabel,
				);
				LastSwiftUpdateCheck = 0720;
				LastUpgradeCheck = 0720;
				ORGANIZATIONNAME = "Nuno Coelho Santos";
				TargetAttributes = {
					BCD920031C6BA6AC0089F52A = {
						CreatedOnToolsVersion = 7.2.1;
						DevelopmentTeam = 248LY2DZN5;
					};
					BCD9201A1C6BA6AC0089F52A = {
						CreatedOnToolsVersion = 7.2.1;
						DevelopmentTeam = 248LY2DZN5;
						TestTargetID = BCD920031C6BA6AC0089F52A;
					};
					BCD920251C6BA6AC0089F52A = {
						CreatedOnToolsVersion = 7.2.1;
						DevelopmentTeam = 248LY2DZN5;
						TestTargetID = BCD920031C6BA6AC0089F52A;
					};
				};
			};
			buildConfigurationList = BCD91FFF1C6BA6AC0089F52A /* Build configuration list for PBXProject "Currency" */;
			compatibilityVersion = "Xcode 3.2";
			developmentRegion = English;
			hasScannedForEncodings = 0;
			knownRegions = (
				en,
				Base,
			);
			mainGroup = BCD91FFB1C6BA6AC0089F52A;
			productRefGroup = BCD920051C6BA6AC0089F52A /* Products */;
			projectDirPath = "";
			projectRoot = "";
			targets = (
				BCD920031C6BA6AC0089F52A /* Currency */,
				BCD9201A1C6BA6AC0089F52A /* CurrencyTests */,
				BCD920251C6BA6AC0089F52A /* CurrencyUITests */,
			);
		};
/* End PBXProject section */

/* Begin PBXResourcesBuildPhase section */
		BCD920021C6BA6AC0089F52A /* Resources */ = {
			isa = PBXResourcesBuildPhase;
			buildActionMask = 2147483647;
			files = (
				BCAADB291CD2339300F360F8 /* buttonSwitchIconDimmed.png in Resources */,
				BC8B3CD01C954E250017CC1C /* buttonSubtractIcon@3x.png in Resources */,
				BCAADB2A1CD2339300F360F8 /* buttonSwitchIconDimmed@2x.png in Resources */,
				BC8B3CC61C954E250017CC1C /* buttonResultIcon@2x.png in Resources */,
				BC8B3CDC1C954E250017CC1C /* buttonSwitchIconHighlighted@3x.png in Resources */,
				BC8B3CC81C954E250017CC1C /* buttonResultIconHighlighted.png in Resources */,
				BC8B3CC71C954E250017CC1C /* buttonResultIcon@3x.png in Resources */,
				BC94BB121C8B1CD900F9716D /* InitialCurrencyDatabase.sqlite in Resources */,
				BCAADB2B1CD2339300F360F8 /* buttonSwitchIconDimmed@3x.png in Resources */,
				BCAADB221CD2339300F360F8 /* buttonAddIconDimmed@3x.png in Resources */,
				BCAADB271CD2339300F360F8 /* buttonSubtractIconDimmed@2x.png in Resources */,
				BC8B3CBD1C954E250017CC1C /* buttonAddIcon@2x.png in Resources */,
				BC94BB131C8B1CD900F9716D /* InitialCurrencyDatabase.sqlite-shm in Resources */,
				BC8B3CC11C954E250017CC1C /* buttonAddIconHighlighted@3x.png in Resources */,
				BC94BB141C8B1CD900F9716D /* InitialCurrencyDatabase.sqlite-wal in Resources */,
				BC8B3CBE1C954E250017CC1C /* buttonAddIcon@3x.png in Resources */,
				BC8B3CDA1C954E250017CC1C /* buttonSwitchIconHighlighted.png in Resources */,
				BCAADB231CD2339300F360F8 /* buttonResultIconDimmed.png in Resources */,
				BC8B3CC01C954E250017CC1C /* buttonAddIconHighlighted@2x.png in Resources */,
				BC8B3CB91C954E250017CC1C /* buttonAddBackground.png in Resources */,
				BCAADB241CD2339300F360F8 /* buttonResultIconDimmed@2x.png in Resources */,
				BC8B3CC21C954E250017CC1C /* buttonResultBackground.png in Resources */,
				BC8B3CBC1C954E250017CC1C /* buttonAddIcon.png in Resources */,
				BC8B3CC91C954E250017CC1C /* buttonResultIconHighlighted@2x.png in Resources */,
				BC8B3CD91C954E250017CC1C /* buttonSwitchIcon@3x.png in Resources */,
				BC8B3CCF1C954E250017CC1C /* buttonSubtractIcon@2x.png in Resources */,
				BC8B3CC51C954E250017CC1C /* buttonResultIcon.png in Resources */,
				BC8B3CD81C954E250017CC1C /* buttonSwitchIcon@2x.png in Resources */,
				BC8B3CCB1C954E250017CC1C /* buttonSubtractBackground.png in Resources */,
				BC8B3CC31C954E250017CC1C /* buttonResultBackground@2x.png in Resources */,
				BC8B3CCD1C954E250017CC1C /* buttonSubtractBackground@3x.png in Resources */,
				BC8B3CCE1C954E250017CC1C /* buttonSubtractIcon.png in Resources */,
				BC8B3CD51C954E250017CC1C /* buttonSwitchBackground@2x.png in Resources */,
				BCAADB261CD2339300F360F8 /* buttonSubtractIconDimmed.png in Resources */,
				BC8B3CD11C954E250017CC1C /* buttonSubtractIconHighlighted.png in Resources */,
				BC8B3CBA1C954E250017CC1C /* buttonAddBackground@2x.png in Resources */,
				BC8B3CCA1C954E250017CC1C /* buttonResultIconHighlighted@3x.png in Resources */,
				BCAADB211CD2339300F360F8 /* buttonAddIconDimmed@2x.png in Resources */,
				BC8B3CD41C954E250017CC1C /* buttonSwitchBackground.png in Resources */,
				BC8B3CDB1C954E250017CC1C /* buttonSwitchIconHighlighted@2x.png in Resources */,
				BCD920121C6BA6AC0089F52A /* Assets.xcassets in Resources */,
				BC8B3CC41C954E250017CC1C /* buttonResultBackground@3x.png in Resources */,
				BC8B3CBB1C954E250017CC1C /* buttonAddBackground@3x.png in Resources */,
				BCAADB201CD2339300F360F8 /* buttonAddIconDimmed.png in Resources */,
				BC8B3CD71C954E250017CC1C /* buttonSwitchIcon.png in Resources */,
				BC8B3CBF1C954E250017CC1C /* buttonAddIconHighlighted.png in Resources */,
				BC8B3CD31C954E250017CC1C /* buttonSubtractIconHighlighted@3x.png in Resources */,
				BC8B3CCC1C954E250017CC1C /* buttonSubtractBackground@2x.png in Resources */,
				BC8B3CD61C954E250017CC1C /* buttonSwitchBackground@3x.png in Resources */,
				BCFAE40F1C965D8B00DCE95D /* LaunchScreen.storyboard in Resources */,
				BCD9200D1C6BA6AC0089F52A /* Main.storyboard in Resources */,
				BCAADB281CD2339300F360F8 /* buttonSubtractIconDimmed@3x.png in Resources */,
				BC8B3CD21C954E250017CC1C /* buttonSubtractIconHighlighted@2x.png in Resources */,
				BCAADB251CD2339300F360F8 /* buttonResultIconDimmed@3x.png in Resources */,
			);
			runOnlyForDeploymentPostprocessing = 0;
		};
		BCD920191C6BA6AC0089F52A /* Resources */ = {
			isa = PBXResourcesBuildPhase;
			buildActionMask = 2147483647;
			files = (
			);
			runOnlyForDeploymentPostprocessing = 0;
		};
		BCD920241C6BA6AC0089F52A /* Resources */ = {
			isa = PBXResourcesBuildPhase;
			buildActionMask = 2147483647;
			files = (
			);
			runOnlyForDeploymentPostprocessing = 0;
		};
/* End PBXResourcesBuildPhase section */

/* Begin PBXShellScriptBuildPhase section */
		271F1C2D6DAF91FF57AF7133 /* Copy Pods Resources */ = {
			isa = PBXShellScriptBuildPhase;
			buildActionMask = 2147483647;
			files = (
			);
			inputPaths = (
			);
			name = "Copy Pods Resources";
			outputPaths = (
			);
			runOnlyForDeploymentPostprocessing = 0;
			shellPath = /bin/sh;
			shellScript = "\"${SRCROOT}/Pods/Target Support Files/Pods/Pods-resources.sh\"\n";
			showEnvVarsInLog = 0;
		};
		4EF4BB9FE7746222C43E63AD /* Embed Pods Frameworks */ = {
			isa = PBXShellScriptBuildPhase;
			buildActionMask = 2147483647;
			files = (
			);
			inputPaths = (
			);
			name = "Embed Pods Frameworks";
			outputPaths = (
			);
			runOnlyForDeploymentPostprocessing = 0;
			shellPath = /bin/sh;
			shellScript = "\"${SRCROOT}/Pods/Target Support Files/Pods/Pods-frameworks.sh\"\n";
			showEnvVarsInLog = 0;
		};
		6D74FEE2594C7F22D5537CCE /* Check Pods Manifest.lock */ = {
			isa = PBXShellScriptBuildPhase;
			buildActionMask = 2147483647;
			files = (
			);
			inputPaths = (
			);
			name = "Check Pods Manifest.lock";
			outputPaths = (
			);
			runOnlyForDeploymentPostprocessing = 0;
			shellPath = /bin/sh;
			shellScript = "diff \"${PODS_ROOT}/../Podfile.lock\" \"${PODS_ROOT}/Manifest.lock\" > /dev/null\nif [[ $? != 0 ]] ; then\n    cat << EOM\nerror: The sandbox is not in sync with the Podfile.lock. Run 'pod install' or update your CocoaPods installation.\nEOM\n    exit 1\nfi\n";
			showEnvVarsInLog = 0;
		};
		BCDED26B1C81813F0059E770 /* ShellScript */ = {
			isa = PBXShellScriptBuildPhase;
			buildActionMask = 2147483647;
			files = (
			);
			inputPaths = (
			);
			outputPaths = (
			);
			runOnlyForDeploymentPostprocessing = 0;
			shellPath = /bin/sh;
			shellScript = "";
		};
/* End PBXShellScriptBuildPhase section */

/* Begin PBXSourcesBuildPhase section */
		BCD920001C6BA6AC0089F52A /* Sources */ = {
			isa = PBXSourcesBuildPhase;
			buildActionMask = 2147483647;
			files = (
				BC6B29C01C8AAD780011CCAE /* Currency.swift in Sources */,
				BC5969F71CCB4EFF003C25FD /* CalculatorResultButton.swift in Sources */,
				BC5969F41CCB4EFF003C25FD /* CalculatorAddButton.swift in Sources */,
				BCD920101C6BA6AC0089F52A /* Currency.xcdatamodeld in Sources */,
				BC5969FF1CCB4F0B003C25FD /* Converter.swift in Sources */,
				BC5969F61CCB4EFF003C25FD /* CalculatorKeypadView.swift in Sources */,
				BC5969FD1CCB4F0B003C25FD /* Calculator.swift in Sources */,
				BC596A041CCB4F4F003C25FD /* MainViewController.swift in Sources */,
				BC5969F91CCB4EFF003C25FD /* CalculatorSwitchButton.swift in Sources */,
				BC596A031CCB4F4F003C25FD /* ChangeCurrencyViewController.swift in Sources */,
				BCE0A6641C81A4950093AC38 /* CalculatorButton.swift in Sources */,
				BCD920081C6BA6AC0089F52A /* AppDelegate.swift in Sources */,
				BC5969F81CCB4EFF003C25FD /* CalculatorSubtractButton.swift in Sources */,
				BC5969FE1CCB4F0B003C25FD /* Coin.swift in Sources */,
			);
			runOnlyForDeploymentPostprocessing = 0;
		};
		BCD920171C6BA6AC0089F52A /* Sources */ = {
			isa = PBXSourcesBuildPhase;
			buildActionMask = 2147483647;
			files = (
				BCD920201C6BA6AC0089F52A /* CurrencyTests.swift in Sources */,
			);
			runOnlyForDeploymentPostprocessing = 0;
		};
		BCD920221C6BA6AC0089F52A /* Sources */ = {
			isa = PBXSourcesBuildPhase;
			buildActionMask = 2147483647;
			files = (
				BCD9202B1C6BA6AC0089F52A /* CurrencyUITests.swift in Sources */,
			);
			runOnlyForDeploymentPostprocessing = 0;
		};
/* End PBXSourcesBuildPhase section */

/* Begin PBXTargetDependency section */
		BCD9201D1C6BA6AC0089F52A /* PBXTargetDependency */ = {
			isa = PBXTargetDependency;
			target = BCD920031C6BA6AC0089F52A /* Currency */;
			targetProxy = BCD9201C1C6BA6AC0089F52A /* PBXContainerItemProxy */;
		};
		BCD920281C6BA6AC0089F52A /* PBXTargetDependency */ = {
			isa = PBXTargetDependency;
			target = BCD920031C6BA6AC0089F52A /* Currency */;
			targetProxy = BCD920271C6BA6AC0089F52A /* PBXContainerItemProxy */;
		};
/* End PBXTargetDependency section */

/* Begin PBXVariantGroup section */
		BCD9200B1C6BA6AC0089F52A /* Main.storyboard */ = {
			isa = PBXVariantGroup;
			children = (
				BCD9200C1C6BA6AC0089F52A /* Base */,
			);
			name = Main.storyboard;
			sourceTree = "<group>";
		};
/* End PBXVariantGroup section */

/* Begin XCBuildConfiguration section */
		BCD9202D1C6BA6AC0089F52A /* Debug */ = {
			isa = XCBuildConfiguration;
			buildSettings = {
				ALWAYS_SEARCH_USER_PATHS = NO;
				CLANG_CXX_LANGUAGE_STANDARD = "gnu++0x";
				CLANG_CXX_LIBRARY = "libc++";
				CLANG_ENABLE_MODULES = YES;
				CLANG_ENABLE_OBJC_ARC = YES;
				CLANG_WARN_BOOL_CONVERSION = YES;
				CLANG_WARN_CONSTANT_CONVERSION = YES;
				CLANG_WARN_DIRECT_OBJC_ISA_USAGE = YES_ERROR;
				CLANG_WARN_EMPTY_BODY = YES;
				CLANG_WARN_ENUM_CONVERSION = YES;
				CLANG_WARN_INT_CONVERSION = YES;
				CLANG_WARN_OBJC_ROOT_CLASS = YES_ERROR;
				CLANG_WARN_UNREACHABLE_CODE = YES;
				CLANG_WARN__DUPLICATE_METHOD_MATCH = YES;
				"CODE_SIGN_IDENTITY[sdk=iphoneos*]" = "iPhone Developer";
				COPY_PHASE_STRIP = NO;
				DEBUG_INFORMATION_FORMAT = dwarf;
				ENABLE_STRICT_OBJC_MSGSEND = YES;
				ENABLE_TESTABILITY = YES;
				GCC_C_LANGUAGE_STANDARD = gnu99;
				GCC_DYNAMIC_NO_PIC = NO;
				GCC_NO_COMMON_BLOCKS = YES;
				GCC_OPTIMIZATION_LEVEL = 0;
				GCC_PREPROCESSOR_DEFINITIONS = (
					"DEBUG=1",
					"$(inherited)",
				);
				GCC_WARN_64_TO_32_BIT_CONVERSION = YES;
				GCC_WARN_ABOUT_RETURN_TYPE = YES_ERROR;
				GCC_WARN_UNDECLARED_SELECTOR = YES;
				GCC_WARN_UNINITIALIZED_AUTOS = YES_AGGRESSIVE;
				GCC_WARN_UNUSED_FUNCTION = YES;
				GCC_WARN_UNUSED_VARIABLE = YES;
				IPHONEOS_DEPLOYMENT_TARGET = 9.2;
				MTL_ENABLE_DEBUG_INFO = YES;
				ONLY_ACTIVE_ARCH = YES;
				SDKROOT = iphoneos;
				SWIFT_OPTIMIZATION_LEVEL = "-Onone";
			};
			name = Debug;
		};
		BCD9202E1C6BA6AC0089F52A /* Release */ = {
			isa = XCBuildConfiguration;
			buildSettings = {
				ALWAYS_SEARCH_USER_PATHS = NO;
				CLANG_CXX_LANGUAGE_STANDARD = "gnu++0x";
				CLANG_CXX_LIBRARY = "libc++";
				CLANG_ENABLE_MODULES = YES;
				CLANG_ENABLE_OBJC_ARC = YES;
				CLANG_WARN_BOOL_CONVERSION = YES;
				CLANG_WARN_CONSTANT_CONVERSION = YES;
				CLANG_WARN_DIRECT_OBJC_ISA_USAGE = YES_ERROR;
				CLANG_WARN_EMPTY_BODY = YES;
				CLANG_WARN_ENUM_CONVERSION = YES;
				CLANG_WARN_INT_CONVERSION = YES;
				CLANG_WARN_OBJC_ROOT_CLASS = YES_ERROR;
				CLANG_WARN_UNREACHABLE_CODE = YES;
				CLANG_WARN__DUPLICATE_METHOD_MATCH = YES;
				"CODE_SIGN_IDENTITY[sdk=iphoneos*]" = "iPhone Developer";
				COPY_PHASE_STRIP = NO;
				DEBUG_INFORMATION_FORMAT = "dwarf-with-dsym";
				ENABLE_NS_ASSERTIONS = NO;
				ENABLE_STRICT_OBJC_MSGSEND = YES;
				GCC_C_LANGUAGE_STANDARD = gnu99;
				GCC_NO_COMMON_BLOCKS = YES;
				GCC_WARN_64_TO_32_BIT_CONVERSION = YES;
				GCC_WARN_ABOUT_RETURN_TYPE = YES_ERROR;
				GCC_WARN_UNDECLARED_SELECTOR = YES;
				GCC_WARN_UNINITIALIZED_AUTOS = YES_AGGRESSIVE;
				GCC_WARN_UNUSED_FUNCTION = YES;
				GCC_WARN_UNUSED_VARIABLE = YES;
				IPHONEOS_DEPLOYMENT_TARGET = 9.2;
				MTL_ENABLE_DEBUG_INFO = NO;
				SDKROOT = iphoneos;
				VALIDATE_PRODUCT = YES;
			};
			name = Release;
		};
		BCD920301C6BA6AC0089F52A /* Debug */ = {
			isa = XCBuildConfiguration;
			baseConfigurationReference = 19EB43FCFC362B9564CD0798 /* Pods.debug.xcconfig */;
			buildSettings = {
				ASSETCATALOG_COMPILER_APPICON_NAME = AppIcon;
				ASSETCATALOG_COMPILER_LAUNCHIMAGE_NAME = "Launch Images";
				FRAMEWORK_SEARCH_PATHS = (
					"$(inherited)",
					"$(PROJECT_DIR)",
				);
				INFOPLIST_FILE = Currency/Info.plist;
				LD_RUNPATH_SEARCH_PATHS = "$(inherited) @executable_path/Frameworks";
				PRODUCT_BUNDLE_IDENTIFIER = com.nuno.Currency;
				PRODUCT_NAME = "$(TARGET_NAME)";
			};
			name = Debug;
		};
		BCD920311C6BA6AC0089F52A /* Release */ = {
			isa = XCBuildConfiguration;
			baseConfigurationReference = 64DBF81E56746D141A99F0FC /* Pods.release.xcconfig */;
			buildSettings = {
				ASSETCATALOG_COMPILER_APPICON_NAME = AppIcon;
				ASSETCATALOG_COMPILER_LAUNCHIMAGE_NAME = "Launch Images";
				FRAMEWORK_SEARCH_PATHS = (
					"$(inherited)",
					"$(PROJECT_DIR)",
				);
				INFOPLIST_FILE = Currency/Info.plist;
				LD_RUNPATH_SEARCH_PATHS = "$(inherited) @executable_path/Frameworks";
				PRODUCT_BUNDLE_IDENTIFIER = com.nuno.Currency;
				PRODUCT_NAME = "$(TARGET_NAME)";
			};
			name = Release;
		};
		BCD920331C6BA6AC0089F52A /* Debug */ = {
			isa = XCBuildConfiguration;
			buildSettings = {
				BUNDLE_LOADER = "$(TEST_HOST)";
				INFOPLIST_FILE = CurrencyTests/Info.plist;
				LD_RUNPATH_SEARCH_PATHS = "$(inherited) @executable_path/Frameworks @loader_path/Frameworks";
				PRODUCT_BUNDLE_IDENTIFIER = com.nunocoelhosantos.CurrencyTests;
				PRODUCT_NAME = "$(TARGET_NAME)";
				TEST_HOST = "$(BUILT_PRODUCTS_DIR)/Currency.app/Currency";
			};
			name = Debug;
		};
		BCD920341C6BA6AC0089F52A /* Release */ = {
			isa = XCBuildConfiguration;
			buildSettings = {
				BUNDLE_LOADER = "$(TEST_HOST)";
				INFOPLIST_FILE = CurrencyTests/Info.plist;
				LD_RUNPATH_SEARCH_PATHS = "$(inherited) @executable_path/Frameworks @loader_path/Frameworks";
				PRODUCT_BUNDLE_IDENTIFIER = com.nunocoelhosantos.CurrencyTests;
				PRODUCT_NAME = "$(TARGET_NAME)";
				TEST_HOST = "$(BUILT_PRODUCTS_DIR)/Currency.app/Currency";
			};
			name = Release;
		};
		BCD920361C6BA6AC0089F52A /* Debug */ = {
			isa = XCBuildConfiguration;
			buildSettings = {
				INFOPLIST_FILE = CurrencyUITests/Info.plist;
				LD_RUNPATH_SEARCH_PATHS = "$(inherited) @executable_path/Frameworks @loader_path/Frameworks";
				PRODUCT_BUNDLE_IDENTIFIER = com.nunocoelhosantos.CurrencyUITests;
				PRODUCT_NAME = "$(TARGET_NAME)";
				TEST_TARGET_NAME = Currency;
				USES_XCTRUNNER = YES;
			};
			name = Debug;
		};
		BCD920371C6BA6AC0089F52A /* Release */ = {
			isa = XCBuildConfiguration;
			buildSettings = {
				INFOPLIST_FILE = CurrencyUITests/Info.plist;
				LD_RUNPATH_SEARCH_PATHS = "$(inherited) @executable_path/Frameworks @loader_path/Frameworks";
				PRODUCT_BUNDLE_IDENTIFIER = com.nunocoelhosantos.CurrencyUITests;
				PRODUCT_NAME = "$(TARGET_NAME)";
				TEST_TARGET_NAME = Currency;
				USES_XCTRUNNER = YES;
			};
			name = Release;
		};
/* End XCBuildConfiguration section */

/* Begin XCConfigurationList section */
		BCD91FFF1C6BA6AC0089F52A /* Build configuration list for PBXProject "Currency" */ = {
			isa = XCConfigurationList;
			buildConfigurations = (
				BCD9202D1C6BA6AC0089F52A /* Debug */,
				BCD9202E1C6BA6AC0089F52A /* Release */,
			);
			defaultConfigurationIsVisible = 0;
			defaultConfigurationName = Release;
		};
		BCD9202F1C6BA6AC0089F52A /* Build configuration list for PBXNativeTarget "Currency" */ = {
			isa = XCConfigurationList;
			buildConfigurations = (
				BCD920301C6BA6AC0089F52A /* Debug */,
				BCD920311C6BA6AC0089F52A /* Release */,
			);
			defaultConfigurationIsVisible = 0;
			defaultConfigurationName = Release;
		};
		BCD920321C6BA6AC0089F52A /* Build configuration list for PBXNativeTarget "CurrencyTests" */ = {
			isa = XCConfigurationList;
			buildConfigurations = (
				BCD920331C6BA6AC0089F52A /* Debug */,
				BCD920341C6BA6AC0089F52A /* Release */,
			);
			defaultConfigurationIsVisible = 0;
			defaultConfigurationName = Release;
		};
		BCD920351C6BA6AC0089F52A /* Build configuration list for PBXNativeTarget "CurrencyUITests" */ = {
			isa = XCConfigurationList;
			buildConfigurations = (
				BCD920361C6BA6AC0089F52A /* Debug */,
				BCD920371C6BA6AC0089F52A /* Release */,
			);
			defaultConfigurationIsVisible = 0;
			defaultConfigurationName = Release;
		};
/* End XCConfigurationList section */

/* Begin XCVersionGroup section */
		BCD9200E1C6BA6AC0089F52A /* Currency.xcdatamodeld */ = {
			isa = XCVersionGroup;
			children = (
				BC83C9041C98FF8300C7C2D7 /* Currency 3.xcdatamodel */,
				BC864FB51C8F007E00A0D4AC /* Currency 2.xcdatamodel */,
				BCD9200F1C6BA6AC0089F52A /* Currency.xcdatamodel */,
			);
			currentVersion = BC83C9041C98FF8300C7C2D7 /* Currency 3.xcdatamodel */;
			path = Currency.xcdatamodeld;
			sourceTree = "<group>";
			versionGroupType = wrapper.xcdatamodel;
		};
/* End XCVersionGroup section */
	};
	rootObject = BCD91FFC1C6BA6AC0089F52A /* Project object */;
}
